PODS:
  - Alamofire (5.2.1)
  - DCTextEngine (0.1.0)
  - DifferenceKit (1.1.5):
    - DifferenceKit/Core (= 1.1.5)
    - DifferenceKit/UIKitExtension (= 1.1.5)
  - DifferenceKit/Core (1.1.5)
  - DifferenceKit/UIKitExtension (1.1.5):
    - DifferenceKit/Core
  - Differentiator (4.0.1)
  - Eureka (5.0.0)
  - LTMorphingLabel (0.8.0)
  - Realm (5.0.2):
    - Realm/Headers (= 5.0.2)
  - Realm/Headers (5.0.2)
  - RealmSwift (5.0.2):
    - Realm (= 5.0.2)
  - RxCocoa (5.1.1):
    - RxRelay (~> 5)
    - RxSwift (~> 5)
  - RxDataSources (4.0.1):
    - Differentiator (~> 4.0)
    - RxCocoa (~> 5.0)
    - RxSwift (~> 5.0)
  - RxRelay (5.1.1):
    - RxSwift (~> 5)
  - RxSwift (5.1.1)
  - SCLAlertView (0.8.1)
  - SplitRow (2.0.0):
    - Eureka (~> 5.0)
  - SwiftyJSON (5.0.0)
  - SwiftyUtils (4.0.0)

DEPENDENCIES:
  - Alamofire
  - DCTextEngine
  - DifferenceKit
  - Eureka (= 5.0.0)
  - LTMorphingLabel (= 0.8.0)
  - RealmSwift
  - RxCocoa
  - RxDataSources
  - RxSwift
  - SCLAlertView (from `https://github.com/vikmeup/SCLAlertView-Swift.git`)
  - SplitRow
  - SwiftyJSON
  - SwiftyUtils (from `https://github.com/tbaranes/SwiftyUtils.git`, commit `adf37824622a46190aef33be686163311888a3c9`)

SPEC REPOS:
  trunk:
    - Alamofire
    - DCTextEngine
    - DifferenceKit
    - Differentiator
    - Eureka
    - LTMorphingLabel
    - Realm
    - RealmSwift
    - RxCocoa
    - RxDataSources
    - RxRelay
    - RxSwift
    - SplitRow
    - SwiftyJSON

EXTERNAL SOURCES:
  SCLAlertView:
    :git: https://github.com/vikmeup/SCLAlertView-Swift.git
  SwiftyUtils:
    :commit: adf37824622a46190aef33be686163311888a3c9
    :git: https://github.com/tbaranes/SwiftyUtils.git

CHECKOUT OPTIONS:
  SCLAlertView:
    :commit: f08ec93c299a221210e59462c84c79410050e5b7
    :git: https://github.com/vikmeup/SCLAlertView-Swift.git
  SwiftyUtils:
    :commit: adf37824622a46190aef33be686163311888a3c9
    :git: https://github.com/tbaranes/SwiftyUtils.git

SPEC CHECKSUMS:
  Alamofire: e911732990610fe89af59ac0077f923d72dc3dfd
  DCTextEngine: 44a8084ef5227753660db343acdb8a3225e29d75
  DifferenceKit: 516f12e336ed65a3a0665847b5c3cb5cad4bd4ea
  Differentiator: 886080237d9f87f322641dedbc5be257061b0602
  Eureka: 0f64f477ec8ef6201c6fec143d60ff5c201cf654
  LTMorphingLabel: 1ada1cb5c046ae4ce5c66b428cf2e05e227e8e4f
  Realm: 6b6f096671b64b04d08974177cabb2ff9343d153
  RealmSwift: a3db6be0488bf3e1d5314c2956cefe98a65cdd01
  RxCocoa: 32065309a38d29b5b0db858819b5bf9ef038b601
  RxDataSources: efee07fa4de48477eca0a4611e6d11e2da9c1114
  RxRelay: d77f7d771495f43c556cbc43eebd1bb54d01e8e9
  RxSwift: 81470a2074fa8780320ea5fe4102807cb7118178
  SCLAlertView: 776813fb1f62248965f37cb7edf4088ee6394460
  SplitRow: dc09444a528bca75c183ec7f0a0a3c5814dc35dd
  SwiftyJSON: 36413e04c44ee145039d332b4f4e2d3e8d6c4db7
  SwiftyUtils: e2c0b1fd674684e1083c894f6a71a64bb9617402

PODFILE CHECKSUM: a0173870faed1bba004ccc8ada3b2d54f28b585a

COCOAPODS: 1.9.1
