PODS:
  - ASToast (1.0.8)
  - Charts (3.0.1):
    - Charts/Core (= 3.0.1)
  - Charts/Core (3.0.1)
  - EZSwiftExtensions (1.7)
  - LTMorphingLabel (0.4.0)
  - NGORoundedButton (3.1)
  - pop (1.0.9)
  - SlideMenuControllerSwift (3.0.1)
  - SwiftChart (0.4.0)
  - SwiftyUtils (0.7.0)

DEPENDENCIES:
  - ASToast
  - Charts
  - EZSwiftExtensions (= 1.7)
  - LTMorphingLabel
  - NGORoundedButton
  - pop
  - SlideMenuControllerSwift
  - SwiftChart (~> 0.4)
  - SwiftyUtils

SPEC CHECKSUMS:
  ASToast: 60d9280c1dd1fdacc8755f666ec48cbe0d307be4
  Charts: 0e84f4418e87dad6a9edde221fba37ebb51d3ba7
  EZSwiftExtensions: 4afef248066a036903d8496bf07bc355b22ce766
  LTMorphingLabel: d9a85f16ac306f0e07321d6819964deb2dc69638
  NGORoundedButton: dd1e7a293ccc16e0f5c073ba9be62b0fb8b8d496
  pop: f667631a5108a2e60d9e8797c9b32ddaf2080bce
  SlideMenuControllerSwift: 9a163b16d54afab734add42858cba7ef7c307755
  SwiftChart: 3e7482795bdb095234bc35835cc6666c8d5ebca1
  SwiftyUtils: 87094996d977846e5a9f2cbe653ff28dc15ba187

PODFILE CHECKSUM: ccb76a5ebe7d91e5075bb777e598415ff70727cc

COCOAPODS: 1.1.0.beta.1
