PODS:
  - ABOnboarding (1.1.1)
  - DejalActivityView (1.2)
  - EZLoadingActivity (0.8)
  - MMMarkdown (0.5.4)
  - SwiftyJSON (2.3.2)

DEPENDENCIES:
  - ABOnboarding
  - DejalActivityView
  - EZLoadingActivity
  - MMMarkdown
  - SwiftyJSON

SPEC CHECKSUMS:
  ABOnboarding: 2f6c83c45998160e2e3e1bacb7420ffc456e8471
  DejalActivityView: 94d85757728a02cbb32445fcf6dfba17dc1e7393
  EZLoadingActivity: 6fd75a05765a4085f4b6fef6f62edf9f144b3139
  MMMarkdown: 754f9154136d224178f51f2b2ba67a66a89d96ea
  SwiftyJSON: 04ccea08915aa0109039157c7974cf0298da292a

COCOAPODS: 0.39.0
