// !$*UTF8*$!
{
	archiveVersion = 1;
	classes = {
	};
	objectVersion = 50;
	objects = {

/* Begin PBXBuildFile section */
		5A0F543D23829568004E5708 /* MyView.swift in Sources */ = {isa = PBXBuildFile; fileRef = 5A0F543C23829568004E5708 /* MyView.swift */; };
		5A4FF54222CF846A00B564A2 /* AppDelegate.swift in Sources */ = {isa = PBXBuildFile; fileRef = 5A4FF54122CF846A00B564A2 /* AppDelegate.swift */; };
		5A4FF54422CF846A00B564A2 /* ViewController.swift in Sources */ = {isa = PBXBuildFile; fileRef = 5A4FF54322CF846A00B564A2 /* ViewController.swift */; };
		5A4FF54622CF846B00B564A2 /* Assets.xcassets in Resources */ = {isa = PBXBuildFile; fileRef = 5A4FF54522CF846B00B564A2 /* Assets.xcassets */; };
		5A50EB7522DF11D20028A479 /* Main.storyboard in Resources */ = {isa = PBXBuildFile; fileRef = 5A50EB7322DF11D20028A479 /* Main.storyboard */; };
		5A53AEB822F2F2CC0043D2EE /* SheetViewController.swift in Sources */ = {isa = PBXBuildFile; fileRef = 5A53AEB722F2F2CC0043D2EE /* SheetViewController.swift */; };
/* End PBXBuildFile section */

/* Begin PBXFileReference section */
		5A0F543C23829568004E5708 /* MyView.swift */ = {isa = PBXFileReference; lastKnownFileType = sourcecode.swift; path = MyView.swift; sourceTree = "<group>"; };
		5A4FF53E22CF846A00B564A2 /* TestingAreaForMac.app */ = {isa = PBXFileReference; explicitFileType = wrapper.application; includeInIndex = 0; path = TestingAreaForMac.app; sourceTree = BUILT_PRODUCTS_DIR; };
		5A4FF54122CF846A00B564A2 /* AppDelegate.swift */ = {isa = PBXFileReference; lastKnownFileType = sourcecode.swift; path = AppDelegate.swift; sourceTree = "<group>"; };
		5A4FF54322CF846A00B564A2 /* ViewController.swift */ = {isa = PBXFileReference; lastKnownFileType = sourcecode.swift; path = ViewController.swift; sourceTree = "<group>"; };
		5A4FF54522CF846B00B564A2 /* Assets.xcassets */ = {isa = PBXFileReference; lastKnownFileType = folder.assetcatalog; path = Assets.xcassets; sourceTree = "<group>"; };
		5A4FF54A22CF846B00B564A2 /* Info.plist */ = {isa = PBXFileReference; lastKnownFileType = text.plist.xml; path = Info.plist; sourceTree = "<group>"; };
		5A4FF54B22CF846B00B564A2 /* TestingAreaForMac.entitlements */ = {isa = PBXFileReference; lastKnownFileType = text.plist.entitlements; path = TestingAreaForMac.entitlements; sourceTree = "<group>"; };
		5A50EB7422DF11D20028A479 /* Base */ = {isa = PBXFileReference; lastKnownFileType = file.storyboard; name = Base; path = Base.lproj/Main.storyboard; sourceTree = "<group>"; };
		5A53AEB722F2F2CC0043D2EE /* SheetViewController.swift */ = {isa = PBXFileReference; lastKnownFileType = sourcecode.swift; path = SheetViewController.swift; sourceTree = "<group>"; };
/* End PBXFileReference section */

/* Begin PBXFrameworksBuildPhase section */
		5A4FF53B22CF846A00B564A2 /* Frameworks */ = {
			isa = PBXFrameworksBuildPhase;
			buildActionMask = 2147483647;
			files = (
			);
			runOnlyForDeploymentPostprocessing = 0;
		};
/* End PBXFrameworksBuildPhase section */

/* Begin PBXGroup section */
		5A4FF53522CF846A00B564A2 = {
			isa = PBXGroup;
			children = (
				5A4FF54022CF846A00B564A2 /* TestingAreaForMac */,
				5A4FF53F22CF846A00B564A2 /* Products */,
			);
			sourceTree = "<group>";
		};
		5A4FF53F22CF846A00B564A2 /* Products */ = {
			isa = PBXGroup;
			children = (
				5A4FF53E22CF846A00B564A2 /* TestingAreaForMac.app */,
			);
			name = Products;
			sourceTree = "<group>";
		};
		5A4FF54022CF846A00B564A2 /* TestingAreaForMac */ = {
			isa = PBXGroup;
			children = (
				5A50EB7322DF11D20028A479 /* Main.storyboard */,
				5A4FF54122CF846A00B564A2 /* AppDelegate.swift */,
				5A4FF54322CF846A00B564A2 /* ViewController.swift */,
				5A53AEB722F2F2CC0043D2EE /* SheetViewController.swift */,
				5A0F543C23829568004E5708 /* MyView.swift */,
				5A4FF54522CF846B00B564A2 /* Assets.xcassets */,
				5A4FF54A22CF846B00B564A2 /* Info.plist */,
				5A4FF54B22CF846B00B564A2 /* TestingAreaForMac.entitlements */,
			);
			path = TestingAreaForMac;
			sourceTree = "<group>";
		};
/* End PBXGroup section */

/* Begin PBXNativeTarget section */
		5A4FF53D22CF846A00B564A2 /* TestingAreaForMac */ = {
			isa = PBXNativeTarget;
			buildConfigurationList = 5A4FF54E22CF846B00B564A2 /* Build configuration list for PBXNativeTarget "TestingAreaForMac" */;
			buildPhases = (
				5A4FF53A22CF846A00B564A2 /* Sources */,
				5A4FF53B22CF846A00B564A2 /* Frameworks */,
				5A4FF53C22CF846A00B564A2 /* Resources */,
			);
			buildRules = (
			);
			dependencies = (
			);
			name = TestingAreaForMac;
			productName = TestingAreaForMac;
			productReference = 5A4FF53E22CF846A00B564A2 /* TestingAreaForMac.app */;
			productType = "com.apple.product-type.application";
		};
/* End PBXNativeTarget section */

/* Begin PBXProject section */
		5A4FF53622CF846A00B564A2 /* Project object */ = {
			isa = PBXProject;
			attributes = {
				LastSwiftUpdateCheck = 1010;
				LastUpgradeCheck = 1100;
				ORGANIZATIONNAME = "Mulang Su";
				TargetAttributes = {
					5A4FF53D22CF846A00B564A2 = {
						CreatedOnToolsVersion = 10.1;
					};
				};
			};
			buildConfigurationList = 5A4FF53922CF846A00B564A2 /* Build configuration list for PBXProject "TestingAreaForMac" */;
			compatibilityVersion = "Xcode 9.3";
			developmentRegion = en;
			hasScannedForEncodings = 0;
			knownRegions = (
				en,
				Base,
			);
			mainGroup = 5A4FF53522CF846A00B564A2;
			productRefGroup = 5A4FF53F22CF846A00B564A2 /* Products */;
			projectDirPath = "";
			projectRoot = "";
			targets = (
				5A4FF53D22CF846A00B564A2 /* TestingAreaForMac */,
			);
		};
/* End PBXProject section */

/* Begin PBXResourcesBuildPhase section */
		5A4FF53C22CF846A00B564A2 /* Resources */ = {
			isa = PBXResourcesBuildPhase;
			buildActionMask = 2147483647;
			files = (
				5A4FF54622CF846B00B564A2 /* Assets.xcassets in Resources */,
				5A50EB7522DF11D20028A479 /* Main.storyboard in Resources */,
			);
			runOnlyForDeploymentPostprocessing = 0;
		};
/* End PBXResourcesBuildPhase section */

/* Begin PBXSourcesBuildPhase section */
		5A4FF53A22CF846A00B564A2 /* Sources */ = {
			isa = PBXSourcesBuildPhase;
			buildActionMask = 2147483647;
			files = (
				5A0F543D23829568004E5708 /* MyView.swift in Sources */,
				5A53AEB822F2F2CC0043D2EE /* SheetViewController.swift in Sources */,
				5A4FF54422CF846A00B564A2 /* ViewController.swift in Sources */,
				5A4FF54222CF846A00B564A2 /* AppDelegate.swift in Sources */,
			);
			runOnlyForDeploymentPostprocessing = 0;
		};
/* End PBXSourcesBuildPhase section */

/* Begin PBXVariantGroup section */
		5A50EB7322DF11D20028A479 /* Main.storyboard */ = {
			isa = PBXVariantGroup;
			children = (
				5A50EB7422DF11D20028A479 /* Base */,
			);
			name = Main.storyboard;
			sourceTree = "<group>";
		};
/* End PBXVariantGroup section */

/* Begin XCBuildConfiguration section */
		5A4FF54C22CF846B00B564A2 /* Debug */ = {
			isa = XCBuildConfiguration;
			buildSettings = {
				ALWAYS_SEARCH_USER_PATHS = NO;
				CLANG_ANALYZER_NONNULL = YES;
				CLANG_ANALYZER_NUMBER_OBJECT_CONVERSION = YES_AGGRESSIVE;
				CLANG_CXX_LANGUAGE_STANDARD = "gnu++14";
				CLANG_CXX_LIBRARY = "libc++";
				CLANG_ENABLE_MODULES = YES;
				CLANG_ENABLE_OBJC_ARC = YES;
				CLANG_ENABLE_OBJC_WEAK = YES;
				CLANG_WARN_BLOCK_CAPTURE_AUTORELEASING = YES;
				CLANG_WARN_BOOL_CONVERSION = YES;
				CLANG_WARN_COMMA = YES;
				CLANG_WARN_CONSTANT_CONVERSION = YES;
				CLANG_WARN_DEPRECATED_OBJC_IMPLEMENTATIONS = YES;
				CLANG_WARN_DIRECT_OBJC_ISA_USAGE = YES_ERROR;
				CLANG_WARN_DOCUMENTATION_COMMENTS = YES;
				CLANG_WARN_EMPTY_BODY = YES;
				CLANG_WARN_ENUM_CONVERSION = YES;
				CLANG_WARN_INFINITE_RECURSION = YES;
				CLANG_WARN_INT_CONVERSION = YES;
				CLANG_WARN_NON_LITERAL_NULL_CONVERSION = YES;
				CLANG_WARN_OBJC_IMPLICIT_RETAIN_SELF = YES;
				CLANG_WARN_OBJC_LITERAL_CONVERSION = YES;
				CLANG_WARN_OBJC_ROOT_CLASS = YES_ERROR;
				CLANG_WARN_RANGE_LOOP_ANALYSIS = YES;
				CLANG_WARN_STRICT_PROTOTYPES = YES;
				CLANG_WARN_SUSPICIOUS_MOVE = YES;
				CLANG_WARN_UNGUARDED_AVAILABILITY = YES_AGGRESSIVE;
				CLANG_WARN_UNREACHABLE_CODE = YES;
				CLANG_WARN__DUPLICATE_METHOD_MATCH = YES;
				CODE_SIGN_IDENTITY = "Mac Developer";
				COPY_PHASE_STRIP = NO;
				DEBUG_INFORMATION_FORMAT = dwarf;
				ENABLE_STRICT_OBJC_MSGSEND = YES;
				ENABLE_TESTABILITY = YES;
				GCC_C_LANGUAGE_STANDARD = gnu11;
				GCC_DYNAMIC_NO_PIC = NO;
				GCC_NO_COMMON_BLOCKS = YES;
				GCC_OPTIMIZATION_LEVEL = 0;
				GCC_PREPROCESSOR_DEFINITIONS = (
					"DEBUG=1",
					"$(inherited)",
				);
				GCC_WARN_64_TO_32_BIT_CONVERSION = YES;
				GCC_WARN_ABOUT_RETURN_TYPE = YES_ERROR;
				GCC_WARN_UNDECLARED_SELECTOR = YES;
				GCC_WARN_UNINITIALIZED_AUTOS = YES_AGGRESSIVE;
				GCC_WARN_UNUSED_FUNCTION = YES;
				GCC_WARN_UNUSED_VARIABLE = YES;
				MACOSX_DEPLOYMENT_TARGET = 10.14;
				MTL_ENABLE_DEBUG_INFO = INCLUDE_SOURCE;
				MTL_FAST_MATH = YES;
				ONLY_ACTIVE_ARCH = YES;
				SDKROOT = macosx;
				SWIFT_ACTIVE_COMPILATION_CONDITIONS = DEBUG;
				SWIFT_OPTIMIZATION_LEVEL = "-Onone";
			};
			name = Debug;
		};
		5A4FF54D22CF846B00B564A2 /* Release */ = {
			isa = XCBuildConfiguration;
			buildSettings = {
				ALWAYS_SEARCH_USER_PATHS = NO;
				CLANG_ANALYZER_NONNULL = YES;
				CLANG_ANALYZER_NUMBER_OBJECT_CONVERSION = YES_AGGRESSIVE;
				CLANG_CXX_LANGUAGE_STANDARD = "gnu++14";
				CLANG_CXX_LIBRARY = "libc++";
				CLANG_ENABLE_MODULES = YES;
				CLANG_ENABLE_OBJC_ARC = YES;
				CLANG_ENABLE_OBJC_WEAK = YES;
				CLANG_WARN_BLOCK_CAPTURE_AUTORELEASING = YES;
				CLANG_WARN_BOOL_CONVERSION = YES;
				CLANG_WARN_COMMA = YES;
				CLANG_WARN_CONSTANT_CONVERSION = YES;
				CLANG_WARN_DEPRECATED_OBJC_IMPLEMENTATIONS = YES;
				CLANG_WARN_DIRECT_OBJC_ISA_USAGE = YES_ERROR;
				CLANG_WARN_DOCUMENTATION_COMMENTS = YES;
				CLANG_WARN_EMPTY_BODY = YES;
				CLANG_WARN_ENUM_CONVERSION = YES;
				CLANG_WARN_INFINITE_RECURSION = YES;
				CLANG_WARN_INT_CONVERSION = YES;
				CLANG_WARN_NON_LITERAL_NULL_CONVERSION = YES;
				CLANG_WARN_OBJC_IMPLICIT_RETAIN_SELF = YES;
				CLANG_WARN_OBJC_LITERAL_CONVERSION = YES;
				CLANG_WARN_OBJC_ROOT_CLASS = YES_ERROR;
				CLANG_WARN_RANGE_LOOP_ANALYSIS = YES;
				CLANG_WARN_STRICT_PROTOTYPES = YES;
				CLANG_WARN_SUSPICIOUS_MOVE = YES;
				CLANG_WARN_UNGUARDED_AVAILABILITY = YES_AGGRESSIVE;
				CLANG_WARN_UNREACHABLE_CODE = YES;
				CLANG_WARN__DUPLICATE_METHOD_MATCH = YES;
				CODE_SIGN_IDENTITY = "Mac Developer";
				COPY_PHASE_STRIP = NO;
				DEBUG_INFORMATION_FORMAT = "dwarf-with-dsym";
				ENABLE_NS_ASSERTIONS = NO;
				ENABLE_STRICT_OBJC_MSGSEND = YES;
				GCC_C_LANGUAGE_STANDARD = gnu11;
				GCC_NO_COMMON_BLOCKS = YES;
				GCC_WARN_64_TO_32_BIT_CONVERSION = YES;
				GCC_WARN_ABOUT_RETURN_TYPE = YES_ERROR;
				GCC_WARN_UNDECLARED_SELECTOR = YES;
				GCC_WARN_UNINITIALIZED_AUTOS = YES_AGGRESSIVE;
				GCC_WARN_UNUSED_FUNCTION = YES;
				GCC_WARN_UNUSED_VARIABLE = YES;
				MACOSX_DEPLOYMENT_TARGET = 10.14;
				MTL_ENABLE_DEBUG_INFO = NO;
				MTL_FAST_MATH = YES;
				SDKROOT = macosx;
				SWIFT_COMPILATION_MODE = wholemodule;
				SWIFT_OPTIMIZATION_LEVEL = "-O";
			};
			name = Release;
		};
		5A4FF54F22CF846B00B564A2 /* Debug */ = {
			isa = XCBuildConfiguration;
			buildSettings = {
				ASSETCATALOG_COMPILER_APPICON_NAME = AppIcon;
				CODE_SIGN_ENTITLEMENTS = TestingAreaForMac/TestingAreaForMac.entitlements;
				CODE_SIGN_IDENTITY = "-";
				CODE_SIGN_STYLE = Automatic;
				COMBINE_HIDPI_IMAGES = YES;
				DEVELOPMENT_TEAM = E9MW74DJ4Y;
				INFOPLIST_FILE = TestingAreaForMac/Info.plist;
				LD_RUNPATH_SEARCH_PATHS = (
					"$(inherited)",
					"@executable_path/../Frameworks",
				);
				PRODUCT_BUNDLE_IDENTIFIER = io.github.sweeper777.TestingAreaForMac;
				PRODUCT_NAME = "$(TARGET_NAME)";
				SWIFT_VERSION = 4.2;
			};
			name = Debug;
		};
		5A4FF55022CF846B00B564A2 /* Release */ = {
			isa = XCBuildConfiguration;
			buildSettings = {
				ASSETCATALOG_COMPILER_APPICON_NAME = AppIcon;
				CODE_SIGN_ENTITLEMENTS = TestingAreaForMac/TestingAreaForMac.entitlements;
				CODE_SIGN_IDENTITY = "-";
				CODE_SIGN_STYLE = Automatic;
				COMBINE_HIDPI_IMAGES = YES;
				DEVELOPMENT_TEAM = E9MW74DJ4Y;
				INFOPLIST_FILE = TestingAreaForMac/Info.plist;
				LD_RUNPATH_SEARCH_PATHS = (
					"$(inherited)",
					"@executable_path/../Frameworks",
				);
				PRODUCT_BUNDLE_IDENTIFIER = io.github.sweeper777.TestingAreaForMac;
				PRODUCT_NAME = "$(TARGET_NAME)";
				SWIFT_VERSION = 4.2;
			};
			name = Release;
		};
/* End XCBuildConfiguration section */

/* Begin XCConfigurationList section */
		5A4FF53922CF846A00B564A2 /* Build configuration list for PBXProject "TestingAreaForMac" */ = {
			isa = XCConfigurationList;
			buildConfigurations = (
				5A4FF54C22CF846B00B564A2 /* Debug */,
				5A4FF54D22CF846B00B564A2 /* Release */,
			);
			defaultConfigurationIsVisible = 0;
			defaultConfigurationName = Release;
		};
		5A4FF54E22CF846B00B564A2 /* Build configuration list for PBXNativeTarget "TestingAreaForMac" */ = {
			isa = XCConfigurationList;
			buildConfigurations = (
				5A4FF54F22CF846B00B564A2 /* Debug */,
				5A4FF55022CF846B00B564A2 /* Release */,
			);
			defaultConfigurationIsVisible = 0;
			defaultConfigurationName = Release;
		};
/* End XCConfigurationList section */
	};
	rootObject = 5A4FF53622CF846A00B564A2 /* Project object */;
}
