// !$*UTF8*$!
{
	archiveVersion = 1;
	classes = {
	};
	objectVersion = 51;
	objects = {

/* Begin PBXBuildFile section */
		5A01429C23C31D190003D3DF /* IntentHandler.swift in Sources */ = {isa = PBXBuildFile; fileRef = 5A01429B23C31D190003D3DF /* IntentHandler.swift */; };
		5A058A4023C1FAB00074A48D /* MyModel.swift in Sources */ = {isa = PBXBuildFile; fileRef = 5A058A3F23C1FAB00074A48D /* MyModel.swift */; };
		5A079E492414FEF200F03D78 /* SKUBezierPath+SVG.m in Sources */ = {isa = PBXBuildFile; fileRef = 5A079E482414FEF200F03D78 /* SKUBezierPath+SVG.m */; };
		5A079E4B241503E800F03D78 /* map.svg in Resources */ = {isa = PBXBuildFile; fileRef = 5A079E4A241503E800F03D78 /* map.svg */; };
		5A08171723893B0500EFB833 /* MySwiftUIView.swift in Sources */ = {isa = PBXBuildFile; fileRef = 5A08171623893B0500EFB833 /* MySwiftUIView.swift */; };
		5A0F543D23829568004E5708 /* MyView.swift in Sources */ = {isa = PBXBuildFile; fileRef = 5A0F543C23829568004E5708 /* MyView.swift */; };
		5A4FF54222CF846A00B564A2 /* AppDelegate.swift in Sources */ = {isa = PBXBuildFile; fileRef = 5A4FF54122CF846A00B564A2 /* AppDelegate.swift */; };
		5A4FF54422CF846A00B564A2 /* ViewController.swift in Sources */ = {isa = PBXBuildFile; fileRef = 5A4FF54322CF846A00B564A2 /* ViewController.swift */; };
		5A4FF54622CF846B00B564A2 /* Assets.xcassets in Resources */ = {isa = PBXBuildFile; fileRef = 5A4FF54522CF846B00B564A2 /* Assets.xcassets */; };
		5A50EB7522DF11D20028A479 /* Main.storyboard in Resources */ = {isa = PBXBuildFile; fileRef = 5A50EB7322DF11D20028A479 /* Main.storyboard */; };
		5A53AEB822F2F2CC0043D2EE /* SheetViewController.swift in Sources */ = {isa = PBXBuildFile; fileRef = 5A53AEB722F2F2CC0043D2EE /* SheetViewController.swift */; };
		5A8AC6AF2415992A0003703A /* china.svg in Resources */ = {isa = PBXBuildFile; fileRef = 5A8AC6AE2415992A0003703A /* china.svg */; };
		91E06089A4DF435065338B2F /* Pods_TestingAreaForMac.framework in Frameworks */ = {isa = PBXBuildFile; fileRef = C7EBC44B7C411531E5C1BF7E /* Pods_TestingAreaForMac.framework */; };
/* End PBXBuildFile section */

/* Begin PBXFileReference section */
		28835ADBBBC3ADC5343C5CDB /* Pods-TestingAreaForMac.release.xcconfig */ = {isa = PBXFileReference; includeInIndex = 1; lastKnownFileType = text.xcconfig; name = "Pods-TestingAreaForMac.release.xcconfig"; path = "Target Support Files/Pods-TestingAreaForMac/Pods-TestingAreaForMac.release.xcconfig"; sourceTree = "<group>"; };
		5A01429923C31D190003D3DF /* GetDictIntents.appex */ = {isa = PBXFileReference; explicitFileType = "wrapper.app-extension"; includeInIndex = 0; path = GetDictIntents.appex; sourceTree = BUILT_PRODUCTS_DIR; };
		5A01429B23C31D190003D3DF /* IntentHandler.swift */ = {isa = PBXFileReference; lastKnownFileType = sourcecode.swift; path = IntentHandler.swift; sourceTree = "<group>"; };
		5A01429D23C31D190003D3DF /* Info.plist */ = {isa = PBXFileReference; lastKnownFileType = text.plist.xml; path = Info.plist; sourceTree = "<group>"; };
		5A058A3F23C1FAB00074A48D /* MyModel.swift */ = {isa = PBXFileReference; lastKnownFileType = sourcecode.swift; path = MyModel.swift; sourceTree = "<group>"; };
		5A079E462414FEC500F03D78 /* SKUBezierPath+SVG.h */ = {isa = PBXFileReference; lastKnownFileType = sourcecode.c.h; path = "SKUBezierPath+SVG.h"; sourceTree = "<group>"; };
		5A079E472414FEF200F03D78 /* TestingAreaForMac-Bridging-Header.h */ = {isa = PBXFileReference; lastKnownFileType = sourcecode.c.h; path = "TestingAreaForMac-Bridging-Header.h"; sourceTree = "<group>"; };
		5A079E482414FEF200F03D78 /* SKUBezierPath+SVG.m */ = {isa = PBXFileReference; lastKnownFileType = sourcecode.c.objc; path = "SKUBezierPath+SVG.m"; sourceTree = "<group>"; };
		5A079E4A241503E800F03D78 /* map.svg */ = {isa = PBXFileReference; lastKnownFileType = text.xml; path = map.svg; sourceTree = "<group>"; };
		5A08171623893B0500EFB833 /* MySwiftUIView.swift */ = {isa = PBXFileReference; lastKnownFileType = sourcecode.swift; path = MySwiftUIView.swift; sourceTree = "<group>"; };
		5A0F543C23829568004E5708 /* MyView.swift */ = {isa = PBXFileReference; lastKnownFileType = sourcecode.swift; path = MyView.swift; sourceTree = "<group>"; };
		5A4FF53E22CF846A00B564A2 /* TestingAreaForMac.app */ = {isa = PBXFileReference; explicitFileType = wrapper.application; includeInIndex = 0; path = TestingAreaForMac.app; sourceTree = BUILT_PRODUCTS_DIR; };
		5A4FF54122CF846A00B564A2 /* AppDelegate.swift */ = {isa = PBXFileReference; lastKnownFileType = sourcecode.swift; path = AppDelegate.swift; sourceTree = "<group>"; };
		5A4FF54322CF846A00B564A2 /* ViewController.swift */ = {isa = PBXFileReference; lastKnownFileType = sourcecode.swift; path = ViewController.swift; sourceTree = "<group>"; };
		5A4FF54522CF846B00B564A2 /* Assets.xcassets */ = {isa = PBXFileReference; lastKnownFileType = folder.assetcatalog; path = Assets.xcassets; sourceTree = "<group>"; };
		5A4FF54A22CF846B00B564A2 /* Info.plist */ = {isa = PBXFileReference; lastKnownFileType = text.plist.xml; path = Info.plist; sourceTree = "<group>"; };
		5A4FF54B22CF846B00B564A2 /* TestingAreaForMac.entitlements */ = {isa = PBXFileReference; lastKnownFileType = text.plist.entitlements; path = TestingAreaForMac.entitlements; sourceTree = "<group>"; };
		5A50EB7422DF11D20028A479 /* Base */ = {isa = PBXFileReference; lastKnownFileType = file.storyboard; name = Base; path = Base.lproj/Main.storyboard; sourceTree = "<group>"; };
		5A53AEB722F2F2CC0043D2EE /* SheetViewController.swift */ = {isa = PBXFileReference; lastKnownFileType = sourcecode.swift; path = SheetViewController.swift; sourceTree = "<group>"; };
		5A8AC6AE2415992A0003703A /* china.svg */ = {isa = PBXFileReference; fileEncoding = 4; lastKnownFileType = text.xml; path = china.svg; sourceTree = "<group>"; };
		B0301F2BA0C734487867C70C /* Pods-TestingAreaForMac.debug.xcconfig */ = {isa = PBXFileReference; includeInIndex = 1; lastKnownFileType = text.xcconfig; name = "Pods-TestingAreaForMac.debug.xcconfig"; path = "Target Support Files/Pods-TestingAreaForMac/Pods-TestingAreaForMac.debug.xcconfig"; sourceTree = "<group>"; };
		C7EBC44B7C411531E5C1BF7E /* Pods_TestingAreaForMac.framework */ = {isa = PBXFileReference; explicitFileType = wrapper.framework; includeInIndex = 0; path = Pods_TestingAreaForMac.framework; sourceTree = BUILT_PRODUCTS_DIR; };
/* End PBXFileReference section */

/* Begin PBXFrameworksBuildPhase section */
		5A01429623C31D190003D3DF /* Frameworks */ = {
			isa = PBXFrameworksBuildPhase;
			buildActionMask = 2147483647;
			files = (
			);
			runOnlyForDeploymentPostprocessing = 0;
		};
		5A4FF53B22CF846A00B564A2 /* Frameworks */ = {
			isa = PBXFrameworksBuildPhase;
			buildActionMask = 2147483647;
			files = (
				91E06089A4DF435065338B2F /* Pods_TestingAreaForMac.framework in Frameworks */,
			);
			runOnlyForDeploymentPostprocessing = 0;
		};
/* End PBXFrameworksBuildPhase section */

/* Begin PBXGroup section */
		5A01429A23C31D190003D3DF /* GetDictIntents */ = {
			isa = PBXGroup;
			children = (
				5A01429B23C31D190003D3DF /* IntentHandler.swift */,
				5A01429D23C31D190003D3DF /* Info.plist */,
			);
			path = GetDictIntents;
			sourceTree = "<group>";
		};
		5A4FF53522CF846A00B564A2 = {
			isa = PBXGroup;
			children = (
				5A4FF54022CF846A00B564A2 /* TestingAreaForMac */,
				5A01429A23C31D190003D3DF /* GetDictIntents */,
				5A4FF53F22CF846A00B564A2 /* Products */,
				A38AE7D008277997EDB5FE0D /* Pods */,
				8FBE0E7BB850971AC78B3020 /* Frameworks */,
			);
			sourceTree = "<group>";
		};
		5A4FF53F22CF846A00B564A2 /* Products */ = {
			isa = PBXGroup;
			children = (
				5A4FF53E22CF846A00B564A2 /* TestingAreaForMac.app */,
				5A01429923C31D190003D3DF /* GetDictIntents.appex */,
			);
			name = Products;
			sourceTree = "<group>";
		};
		5A4FF54022CF846A00B564A2 /* TestingAreaForMac */ = {
			isa = PBXGroup;
			children = (
				5A50EB7322DF11D20028A479 /* Main.storyboard */,
				5A4FF54122CF846A00B564A2 /* AppDelegate.swift */,
				5A4FF54322CF846A00B564A2 /* ViewController.swift */,
				5A53AEB722F2F2CC0043D2EE /* SheetViewController.swift */,
				5A0F543C23829568004E5708 /* MyView.swift */,
				5A08171623893B0500EFB833 /* MySwiftUIView.swift */,
				5A058A3F23C1FAB00074A48D /* MyModel.swift */,
				5A079E462414FEC500F03D78 /* SKUBezierPath+SVG.h */,
				5A079E482414FEF200F03D78 /* SKUBezierPath+SVG.m */,
				5A079E4A241503E800F03D78 /* map.svg */,
				5A8AC6AE2415992A0003703A /* china.svg */,
				5A4FF54522CF846B00B564A2 /* Assets.xcassets */,
				5A4FF54A22CF846B00B564A2 /* Info.plist */,
				5A4FF54B22CF846B00B564A2 /* TestingAreaForMac.entitlements */,
				5A079E472414FEF200F03D78 /* TestingAreaForMac-Bridging-Header.h */,
			);
			path = TestingAreaForMac;
			sourceTree = "<group>";
		};
		8FBE0E7BB850971AC78B3020 /* Frameworks */ = {
			isa = PBXGroup;
			children = (
				C7EBC44B7C411531E5C1BF7E /* Pods_TestingAreaForMac.framework */,
			);
			name = Frameworks;
			sourceTree = "<group>";
		};
		A38AE7D008277997EDB5FE0D /* Pods */ = {
			isa = PBXGroup;
			children = (
				B0301F2BA0C734487867C70C /* Pods-TestingAreaForMac.debug.xcconfig */,
				28835ADBBBC3ADC5343C5CDB /* Pods-TestingAreaForMac.release.xcconfig */,
			);
			path = Pods;
			sourceTree = "<group>";
		};
/* End PBXGroup section */

/* Begin PBXNativeTarget section */
		5A01429823C31D190003D3DF /* GetDictIntents */ = {
			isa = PBXNativeTarget;
			buildConfigurationList = 5A0142A023C31D190003D3DF /* Build configuration list for PBXNativeTarget "GetDictIntents" */;
			buildPhases = (
				5A01429523C31D190003D3DF /* Sources */,
				5A01429623C31D190003D3DF /* Frameworks */,
				5A01429723C31D190003D3DF /* Resources */,
			);
			buildRules = (
			);
			dependencies = (
			);
			name = GetDictIntents;
			productName = GetDictIntents;
			productReference = 5A01429923C31D190003D3DF /* GetDictIntents.appex */;
			productType = "com.apple.product-type.app-extension";
		};
		5A4FF53D22CF846A00B564A2 /* TestingAreaForMac */ = {
			isa = PBXNativeTarget;
			buildConfigurationList = 5A4FF54E22CF846B00B564A2 /* Build configuration list for PBXNativeTarget "TestingAreaForMac" */;
			buildPhases = (
				9763FF8801050E33837D61FF /* [CP] Check Pods Manifest.lock */,
				5A4FF53A22CF846A00B564A2 /* Sources */,
				5A4FF53B22CF846A00B564A2 /* Frameworks */,
				5A4FF53C22CF846A00B564A2 /* Resources */,
				64002C8F6BB1917155C37DD5 /* [CP] Embed Pods Frameworks */,
			);
			buildRules = (
			);
			dependencies = (
			);
			name = TestingAreaForMac;
			productName = TestingAreaForMac;
			productReference = 5A4FF53E22CF846A00B564A2 /* TestingAreaForMac.app */;
			productType = "com.apple.product-type.application";
		};
/* End PBXNativeTarget section */

/* Begin PBXProject section */
		5A4FF53622CF846A00B564A2 /* Project object */ = {
			isa = PBXProject;
			attributes = {
				LastSwiftUpdateCheck = 1100;
				LastUpgradeCheck = 1100;
				ORGANIZATIONNAME = "Mulang Su";
				TargetAttributes = {
					5A01429823C31D190003D3DF = {
						CreatedOnToolsVersion = 11.0;
					};
					5A4FF53D22CF846A00B564A2 = {
						CreatedOnToolsVersion = 10.1;
						LastSwiftMigration = 1100;
					};
				};
			};
			buildConfigurationList = 5A4FF53922CF846A00B564A2 /* Build configuration list for PBXProject "TestingAreaForMac" */;
			compatibilityVersion = "Xcode 9.3";
			developmentRegion = en;
			hasScannedForEncodings = 0;
			knownRegions = (
				en,
				Base,
			);
			mainGroup = 5A4FF53522CF846A00B564A2;
			productRefGroup = 5A4FF53F22CF846A00B564A2 /* Products */;
			projectDirPath = "";
			projectRoot = "";
			targets = (
				5A4FF53D22CF846A00B564A2 /* TestingAreaForMac */,
				5A01429823C31D190003D3DF /* GetDictIntents */,
			);
		};
/* End PBXProject section */

/* Begin PBXResourcesBuildPhase section */
		5A01429723C31D190003D3DF /* Resources */ = {
			isa = PBXResourcesBuildPhase;
			buildActionMask = 2147483647;
			files = (
			);
			runOnlyForDeploymentPostprocessing = 0;
		};
		5A4FF53C22CF846A00B564A2 /* Resources */ = {
			isa = PBXResourcesBuildPhase;
			buildActionMask = 2147483647;
			files = (
				5A079E4B241503E800F03D78 /* map.svg in Resources */,
				5A4FF54622CF846B00B564A2 /* Assets.xcassets in Resources */,
				5A8AC6AF2415992A0003703A /* china.svg in Resources */,
				5A50EB7522DF11D20028A479 /* Main.storyboard in Resources */,
			);
			runOnlyForDeploymentPostprocessing = 0;
		};
/* End PBXResourcesBuildPhase section */

/* Begin PBXShellScriptBuildPhase section */
		64002C8F6BB1917155C37DD5 /* [CP] Embed Pods Frameworks */ = {
			isa = PBXShellScriptBuildPhase;
			buildActionMask = 2147483647;
			files = (
			);
			inputFileListPaths = (
				"${PODS_ROOT}/Target Support Files/Pods-TestingAreaForMac/Pods-TestingAreaForMac-frameworks-${CONFIGURATION}-input-files.xcfilelist",
			);
			name = "[CP] Embed Pods Frameworks";
			outputFileListPaths = (
				"${PODS_ROOT}/Target Support Files/Pods-TestingAreaForMac/Pods-TestingAreaForMac-frameworks-${CONFIGURATION}-output-files.xcfilelist",
			);
			runOnlyForDeploymentPostprocessing = 0;
			shellPath = /bin/sh;
			shellScript = "\"${PODS_ROOT}/Target Support Files/Pods-TestingAreaForMac/Pods-TestingAreaForMac-frameworks.sh\"\n";
			showEnvVarsInLog = 0;
		};
		9763FF8801050E33837D61FF /* [CP] Check Pods Manifest.lock */ = {
			isa = PBXShellScriptBuildPhase;
			buildActionMask = 2147483647;
			files = (
			);
			inputFileListPaths = (
			);
			inputPaths = (
				"${PODS_PODFILE_DIR_PATH}/Podfile.lock",
				"${PODS_ROOT}/Manifest.lock",
			);
			name = "[CP] Check Pods Manifest.lock";
			outputFileListPaths = (
			);
			outputPaths = (
				"$(DERIVED_FILE_DIR)/Pods-TestingAreaForMac-checkManifestLockResult.txt",
			);
			runOnlyForDeploymentPostprocessing = 0;
			shellPath = /bin/sh;
			shellScript = "diff \"${PODS_PODFILE_DIR_PATH}/Podfile.lock\" \"${PODS_ROOT}/Manifest.lock\" > /dev/null\nif [ $? != 0 ] ; then\n    # print error to STDERR\n    echo \"error: The sandbox is not in sync with the Podfile.lock. Run 'pod install' or update your CocoaPods installation.\" >&2\n    exit 1\nfi\n# This output is used by Xcode 'outputs' to avoid re-running this script phase.\necho \"SUCCESS\" > \"${SCRIPT_OUTPUT_FILE_0}\"\n";
			showEnvVarsInLog = 0;
		};
/* End PBXShellScriptBuildPhase section */

/* Begin PBXSourcesBuildPhase section */
		5A01429523C31D190003D3DF /* Sources */ = {
			isa = PBXSourcesBuildPhase;
			buildActionMask = 2147483647;
			files = (
				5A01429C23C31D190003D3DF /* IntentHandler.swift in Sources */,
			);
			runOnlyForDeploymentPostprocessing = 0;
		};
		5A4FF53A22CF846A00B564A2 /* Sources */ = {
			isa = PBXSourcesBuildPhase;
			buildActionMask = 2147483647;
			files = (
				5A079E492414FEF200F03D78 /* SKUBezierPath+SVG.m in Sources */,
				5A0F543D23829568004E5708 /* MyView.swift in Sources */,
				5A058A4023C1FAB00074A48D /* MyModel.swift in Sources */,
				5A53AEB822F2F2CC0043D2EE /* SheetViewController.swift in Sources */,
				5A4FF54422CF846A00B564A2 /* ViewController.swift in Sources */,
				5A4FF54222CF846A00B564A2 /* AppDelegate.swift in Sources */,
				5A08171723893B0500EFB833 /* MySwiftUIView.swift in Sources */,
			);
			runOnlyForDeploymentPostprocessing = 0;
		};
/* End PBXSourcesBuildPhase section */

/* Begin PBXVariantGroup section */
		5A50EB7322DF11D20028A479 /* Main.storyboard */ = {
			isa = PBXVariantGroup;
			children = (
				5A50EB7422DF11D20028A479 /* Base */,
			);
			name = Main.storyboard;
			sourceTree = "<group>";
		};
/* End PBXVariantGroup section */

/* Begin XCBuildConfiguration section */
		5A01429E23C31D190003D3DF /* Debug */ = {
			isa = XCBuildConfiguration;
			buildSettings = {
				CODE_SIGN_STYLE = Automatic;
				DEVELOPMENT_TEAM = E9MW74DJ4Y;
				INFOPLIST_FILE = GetDictIntents/Info.plist;
				IPHONEOS_DEPLOYMENT_TARGET = 13.0;
				LD_RUNPATH_SEARCH_PATHS = (
					"$(inherited)",
					"@executable_path/Frameworks",
					"@executable_path/../../Frameworks",
				);
				PRODUCT_BUNDLE_IDENTIFIER = sweeper777.github.io.GetDictIntents;
				PRODUCT_NAME = "$(TARGET_NAME)";
				SDKROOT = iphoneos;
				SKIP_INSTALL = YES;
				SWIFT_VERSION = 5.0;
				TARGETED_DEVICE_FAMILY = "1,2";
			};
			name = Debug;
		};
		5A01429F23C31D190003D3DF /* Release */ = {
			isa = XCBuildConfiguration;
			buildSettings = {
				CODE_SIGN_STYLE = Automatic;
				DEVELOPMENT_TEAM = E9MW74DJ4Y;
				INFOPLIST_FILE = GetDictIntents/Info.plist;
				IPHONEOS_DEPLOYMENT_TARGET = 13.0;
				LD_RUNPATH_SEARCH_PATHS = (
					"$(inherited)",
					"@executable_path/Frameworks",
					"@executable_path/../../Frameworks",
				);
				PRODUCT_BUNDLE_IDENTIFIER = sweeper777.github.io.GetDictIntents;
				PRODUCT_NAME = "$(TARGET_NAME)";
				SDKROOT = iphoneos;
				SKIP_INSTALL = YES;
				SWIFT_VERSION = 5.0;
				TARGETED_DEVICE_FAMILY = "1,2";
				VALIDATE_PRODUCT = YES;
			};
			name = Release;
		};
		5A4FF54C22CF846B00B564A2 /* Debug */ = {
			isa = XCBuildConfiguration;
			buildSettings = {
				ALWAYS_SEARCH_USER_PATHS = NO;
				CLANG_ANALYZER_NONNULL = YES;
				CLANG_ANALYZER_NUMBER_OBJECT_CONVERSION = YES_AGGRESSIVE;
				CLANG_CXX_LANGUAGE_STANDARD = "gnu++14";
				CLANG_CXX_LIBRARY = "libc++";
				CLANG_ENABLE_MODULES = YES;
				CLANG_ENABLE_OBJC_ARC = YES;
				CLANG_ENABLE_OBJC_WEAK = YES;
				CLANG_WARN_BLOCK_CAPTURE_AUTORELEASING = YES;
				CLANG_WARN_BOOL_CONVERSION = YES;
				CLANG_WARN_COMMA = YES;
				CLANG_WARN_CONSTANT_CONVERSION = YES;
				CLANG_WARN_DEPRECATED_OBJC_IMPLEMENTATIONS = YES;
				CLANG_WARN_DIRECT_OBJC_ISA_USAGE = YES_ERROR;
				CLANG_WARN_DOCUMENTATION_COMMENTS = YES;
				CLANG_WARN_EMPTY_BODY = YES;
				CLANG_WARN_ENUM_CONVERSION = YES;
				CLANG_WARN_INFINITE_RECURSION = YES;
				CLANG_WARN_INT_CONVERSION = YES;
				CLANG_WARN_NON_LITERAL_NULL_CONVERSION = YES;
				CLANG_WARN_OBJC_IMPLICIT_RETAIN_SELF = YES;
				CLANG_WARN_OBJC_LITERAL_CONVERSION = YES;
				CLANG_WARN_OBJC_ROOT_CLASS = YES_ERROR;
				CLANG_WARN_RANGE_LOOP_ANALYSIS = YES;
				CLANG_WARN_STRICT_PROTOTYPES = YES;
				CLANG_WARN_SUSPICIOUS_MOVE = YES;
				CLANG_WARN_UNGUARDED_AVAILABILITY = YES_AGGRESSIVE;
				CLANG_WARN_UNREACHABLE_CODE = YES;
				CLANG_WARN__DUPLICATE_METHOD_MATCH = YES;
				CODE_SIGN_IDENTITY = "Mac Developer";
				COPY_PHASE_STRIP = NO;
				DEBUG_INFORMATION_FORMAT = dwarf;
				ENABLE_STRICT_OBJC_MSGSEND = YES;
				ENABLE_TESTABILITY = YES;
				GCC_C_LANGUAGE_STANDARD = gnu11;
				GCC_DYNAMIC_NO_PIC = NO;
				GCC_NO_COMMON_BLOCKS = YES;
				GCC_OPTIMIZATION_LEVEL = 0;
				GCC_PREPROCESSOR_DEFINITIONS = (
					"DEBUG=1",
					"$(inherited)",
				);
				GCC_WARN_64_TO_32_BIT_CONVERSION = YES;
				GCC_WARN_ABOUT_RETURN_TYPE = YES_ERROR;
				GCC_WARN_UNDECLARED_SELECTOR = YES;
				GCC_WARN_UNINITIALIZED_AUTOS = YES_AGGRESSIVE;
				GCC_WARN_UNUSED_FUNCTION = YES;
				GCC_WARN_UNUSED_VARIABLE = YES;
				MACOSX_DEPLOYMENT_TARGET = 10.14;
				MTL_ENABLE_DEBUG_INFO = INCLUDE_SOURCE;
				MTL_FAST_MATH = YES;
				ONLY_ACTIVE_ARCH = YES;
				SDKROOT = macosx;
				SWIFT_ACTIVE_COMPILATION_CONDITIONS = DEBUG;
				SWIFT_OPTIMIZATION_LEVEL = "-Onone";
			};
			name = Debug;
		};
		5A4FF54D22CF846B00B564A2 /* Release */ = {
			isa = XCBuildConfiguration;
			buildSettings = {
				ALWAYS_SEARCH_USER_PATHS = NO;
				CLANG_ANALYZER_NONNULL = YES;
				CLANG_ANALYZER_NUMBER_OBJECT_CONVERSION = YES_AGGRESSIVE;
				CLANG_CXX_LANGUAGE_STANDARD = "gnu++14";
				CLANG_CXX_LIBRARY = "libc++";
				CLANG_ENABLE_MODULES = YES;
				CLANG_ENABLE_OBJC_ARC = YES;
				CLANG_ENABLE_OBJC_WEAK = YES;
				CLANG_WARN_BLOCK_CAPTURE_AUTORELEASING = YES;
				CLANG_WARN_BOOL_CONVERSION = YES;
				CLANG_WARN_COMMA = YES;
				CLANG_WARN_CONSTANT_CONVERSION = YES;
				CLANG_WARN_DEPRECATED_OBJC_IMPLEMENTATIONS = YES;
				CLANG_WARN_DIRECT_OBJC_ISA_USAGE = YES_ERROR;
				CLANG_WARN_DOCUMENTATION_COMMENTS = YES;
				CLANG_WARN_EMPTY_BODY = YES;
				CLANG_WARN_ENUM_CONVERSION = YES;
				CLANG_WARN_INFINITE_RECURSION = YES;
				CLANG_WARN_INT_CONVERSION = YES;
				CLANG_WARN_NON_LITERAL_NULL_CONVERSION = YES;
				CLANG_WARN_OBJC_IMPLICIT_RETAIN_SELF = YES;
				CLANG_WARN_OBJC_LITERAL_CONVERSION = YES;
				CLANG_WARN_OBJC_ROOT_CLASS = YES_ERROR;
				CLANG_WARN_RANGE_LOOP_ANALYSIS = YES;
				CLANG_WARN_STRICT_PROTOTYPES = YES;
				CLANG_WARN_SUSPICIOUS_MOVE = YES;
				CLANG_WARN_UNGUARDED_AVAILABILITY = YES_AGGRESSIVE;
				CLANG_WARN_UNREACHABLE_CODE = YES;
				CLANG_WARN__DUPLICATE_METHOD_MATCH = YES;
				CODE_SIGN_IDENTITY = "Mac Developer";
				COPY_PHASE_STRIP = NO;
				DEBUG_INFORMATION_FORMAT = "dwarf-with-dsym";
				ENABLE_NS_ASSERTIONS = NO;
				ENABLE_STRICT_OBJC_MSGSEND = YES;
				GCC_C_LANGUAGE_STANDARD = gnu11;
				GCC_NO_COMMON_BLOCKS = YES;
				GCC_WARN_64_TO_32_BIT_CONVERSION = YES;
				GCC_WARN_ABOUT_RETURN_TYPE = YES_ERROR;
				GCC_WARN_UNDECLARED_SELECTOR = YES;
				GCC_WARN_UNINITIALIZED_AUTOS = YES_AGGRESSIVE;
				GCC_WARN_UNUSED_FUNCTION = YES;
				GCC_WARN_UNUSED_VARIABLE = YES;
				MACOSX_DEPLOYMENT_TARGET = 10.14;
				MTL_ENABLE_DEBUG_INFO = NO;
				MTL_FAST_MATH = YES;
				SDKROOT = macosx;
				SWIFT_COMPILATION_MODE = wholemodule;
				SWIFT_OPTIMIZATION_LEVEL = "-O";
			};
			name = Release;
		};
		5A4FF54F22CF846B00B564A2 /* Debug */ = {
			isa = XCBuildConfiguration;
			baseConfigurationReference = B0301F2BA0C734487867C70C /* Pods-TestingAreaForMac.debug.xcconfig */;
			buildSettings = {
				ASSETCATALOG_COMPILER_APPICON_NAME = AppIcon;
				CLANG_ENABLE_MODULES = YES;
				CODE_SIGN_ENTITLEMENTS = TestingAreaForMac/TestingAreaForMac.entitlements;
				CODE_SIGN_IDENTITY = "-";
				CODE_SIGN_STYLE = Automatic;
				COMBINE_HIDPI_IMAGES = YES;
				DEVELOPMENT_TEAM = E9MW74DJ4Y;
				INFOPLIST_FILE = TestingAreaForMac/Info.plist;
				LD_RUNPATH_SEARCH_PATHS = (
					"$(inherited)",
					"@executable_path/../Frameworks",
				);
				PRODUCT_BUNDLE_IDENTIFIER = io.github.sweeper777.TestingAreaForMac;
				PRODUCT_NAME = "$(TARGET_NAME)";
				SWIFT_OBJC_BRIDGING_HEADER = "TestingAreaForMac/TestingAreaForMac-Bridging-Header.h";
				SWIFT_OPTIMIZATION_LEVEL = "-Onone";
				SWIFT_VERSION = 4.2;
			};
			name = Debug;
		};
		5A4FF55022CF846B00B564A2 /* Release */ = {
			isa = XCBuildConfiguration;
			baseConfigurationReference = 28835ADBBBC3ADC5343C5CDB /* Pods-TestingAreaForMac.release.xcconfig */;
			buildSettings = {
				ASSETCATALOG_COMPILER_APPICON_NAME = AppIcon;
				CLANG_ENABLE_MODULES = YES;
				CODE_SIGN_ENTITLEMENTS = TestingAreaForMac/TestingAreaForMac.entitlements;
				CODE_SIGN_IDENTITY = "-";
				CODE_SIGN_STYLE = Automatic;
				COMBINE_HIDPI_IMAGES = YES;
				DEVELOPMENT_TEAM = E9MW74DJ4Y;
				INFOPLIST_FILE = TestingAreaForMac/Info.plist;
				LD_RUNPATH_SEARCH_PATHS = (
					"$(inherited)",
					"@executable_path/../Frameworks",
				);
				PRODUCT_BUNDLE_IDENTIFIER = io.github.sweeper777.TestingAreaForMac;
				PRODUCT_NAME = "$(TARGET_NAME)";
				SWIFT_OBJC_BRIDGING_HEADER = "TestingAreaForMac/TestingAreaForMac-Bridging-Header.h";
				SWIFT_VERSION = 4.2;
			};
			name = Release;
		};
/* End XCBuildConfiguration section */

/* Begin XCConfigurationList section */
		5A0142A023C31D190003D3DF /* Build configuration list for PBXNativeTarget "GetDictIntents" */ = {
			isa = XCConfigurationList;
			buildConfigurations = (
				5A01429E23C31D190003D3DF /* Debug */,
				5A01429F23C31D190003D3DF /* Release */,
			);
			defaultConfigurationIsVisible = 0;
			defaultConfigurationName = Release;
		};
		5A4FF53922CF846A00B564A2 /* Build configuration list for PBXProject "TestingAreaForMac" */ = {
			isa = XCConfigurationList;
			buildConfigurations = (
				5A4FF54C22CF846B00B564A2 /* Debug */,
				5A4FF54D22CF846B00B564A2 /* Release */,
			);
			defaultConfigurationIsVisible = 0;
			defaultConfigurationName = Release;
		};
		5A4FF54E22CF846B00B564A2 /* Build configuration list for PBXNativeTarget "TestingAreaForMac" */ = {
			isa = XCConfigurationList;
			buildConfigurations = (
				5A4FF54F22CF846B00B564A2 /* Debug */,
				5A4FF55022CF846B00B564A2 /* Release */,
			);
			defaultConfigurationIsVisible = 0;
			defaultConfigurationName = Release;
		};
/* End XCConfigurationList section */
	};
	rootObject = 5A4FF53622CF846A00B564A2 /* Project object */;
}
