{
  "object": {
    "pins": [
      {
        "package": "LLVM",
        "repositoryURL": "https://github.com/llvm-swift/LLVMSwift.git",
        "state": {
          "branch": null,
          "revision": "071246791bd677e869aba4be694ef1e4d789adfb",
          "version": "0.8.0"
        }
      }
    ]
  },
  "version": 1
}
