// !$*UTF8*$!
{
	archiveVersion = 1;
	classes = {
	};
	objectVersion = 46;
	objects = {

/* Begin PBXBuildFile section */
		5A0370DC1D4AD57E00A961D1 /* beep.mp3 in Resources */ = {isa = PBXBuildFile; fileRef = 5A0370DB1D4AD57E00A961D1 /* beep.mp3 */; };
		5A03B9F61D6D7C58009F08B9 /* SF-UI-Display-Thin.otf in Resources */ = {isa = PBXBuildFile; fileRef = 5A03B9F51D6D7C58009F08B9 /* SF-UI-Display-Thin.otf */; };
		5A158C8F1E369484007000FD /* AllEmoji.json in Resources */ = {isa = PBXBuildFile; fileRef = 5A158C8E1E369484007000FD /* AllEmoji.json */; };
		5A16C0331E2E026F00D1DE46 /* MySlideMenuController.swift in Sources */ = {isa = PBXBuildFile; fileRef = 5A16C0321E2E026F00D1DE46 /* MySlideMenuController.swift */; };
		5A16C0371E2E0F2500D1DE46 /* AnotherViewController.swift in Sources */ = {isa = PBXBuildFile; fileRef = 5A16C0361E2E0F2500D1DE46 /* AnotherViewController.swift */; };
		5A1C32C21EB4F66200C47F13 /* GoogleService-Info.plist in Resources */ = {isa = PBXBuildFile; fileRef = 5A1C32C11EB4F66200C47F13 /* GoogleService-Info.plist */; };
		5A1F4DFA1DB7F54A005990AF /* MyRowController.swift in Sources */ = {isa = PBXBuildFile; fileRef = 5A1F4DF91DB7F54A005990AF /* MyRowController.swift */; };
		5A1FD0421DFD53390071AE2F /* AppDelegate.swift in Sources */ = {isa = PBXBuildFile; fileRef = 5A1FD0411DFD53390071AE2F /* AppDelegate.swift */; };
		5A1FD0441DFD53390071AE2F /* ViewController.swift in Sources */ = {isa = PBXBuildFile; fileRef = 5A1FD0431DFD53390071AE2F /* ViewController.swift */; };
		5A1FD0471DFD53390071AE2F /* Main.storyboard in Resources */ = {isa = PBXBuildFile; fileRef = 5A1FD0451DFD53390071AE2F /* Main.storyboard */; };
		5A1FD0491DFD53390071AE2F /* Assets.xcassets in Resources */ = {isa = PBXBuildFile; fileRef = 5A1FD0481DFD53390071AE2F /* Assets.xcassets */; };
		5A1FD04E1DFD56DE0071AE2F /* MyTableViewController.swift in Sources */ = {isa = PBXBuildFile; fileRef = 5AF7B00E1CCC6C2100292386 /* MyTableViewController.swift */; };
		5A23109D1E62E690009B39D2 /* NotoColorEmoji.ttf in Resources */ = {isa = PBXBuildFile; fileRef = 5A23109C1E62E690009B39D2 /* NotoColorEmoji.ttf */; };
		5A373C1E1FB705C000F99847 /* test.txt in Resources */ = {isa = PBXBuildFile; fileRef = 5A373C1D1FB705C000F99847 /* test.txt */; };
		5A3C5EBE202EDFC8001EB69E /* MyScene.swift in Sources */ = {isa = PBXBuildFile; fileRef = 5A3C5EBD202EDFC8001EB69E /* MyScene.swift */; };
		5A55B58F1F6455A60046FB51 /* Localizable.strings in Resources */ = {isa = PBXBuildFile; fileRef = 5A55B5911F6455A60046FB51 /* Localizable.strings */; };
		5AD6D7171D23EDDD0015BF0E /* MyViewController2.swift in Sources */ = {isa = PBXBuildFile; fileRef = 5AD6D7161D23EDDD0015BF0E /* MyViewController2.swift */; };
		5AE001071CAA0F3A0058B744 /* AppDelegate.swift in Sources */ = {isa = PBXBuildFile; fileRef = 5AE001061CAA0F3A0058B744 /* AppDelegate.swift */; };
		5AE0010F1CAA0F3A0058B744 /* TestingArea.xcdatamodeld in Sources */ = {isa = PBXBuildFile; fileRef = 5AE0010D1CAA0F3A0058B744 /* TestingArea.xcdatamodeld */; };
		5AE001111CAA0F3A0058B744 /* Assets.xcassets in Resources */ = {isa = PBXBuildFile; fileRef = 5AE001101CAA0F3A0058B744 /* Assets.xcassets */; };
		5AE001141CAA0F3A0058B744 /* LaunchScreen.storyboard in Resources */ = {isa = PBXBuildFile; fileRef = 5AE001121CAA0F3A0058B744 /* LaunchScreen.storyboard */; };
		5AF7B00F1CCC6C2100292386 /* MyTableViewController.swift in Sources */ = {isa = PBXBuildFile; fileRef = 5AF7B00E1CCC6C2100292386 /* MyTableViewController.swift */; };
		5AFA092F1D8097E400DC8EAB /* SecretStuff.swift in Sources */ = {isa = PBXBuildFile; fileRef = 5AFA092E1D8097E400DC8EAB /* SecretStuff.swift */; };
		5AFA741C1CDD7589007C3B7C /* Main.storyboard in Resources */ = {isa = PBXBuildFile; fileRef = 5AFA741B1CDD7589007C3B7C /* Main.storyboard */; };
		5AFBC2661D0A9C3900E27822 /* MyViewController.swift in Sources */ = {isa = PBXBuildFile; fileRef = 5AFBC2651D0A9C3900E27822 /* MyViewController.swift */; };
		5AFBEABF1D111BBE00F8A8D2 /* modest.css in Resources */ = {isa = PBXBuildFile; fileRef = 5AFBEABE1D111BBE00F8A8D2 /* modest.css */; };
		5AFE67D21D2B8F5F0074ACAE /* Property List.plist in Resources */ = {isa = PBXBuildFile; fileRef = 5AFE67D11D2B8F5F0074ACAE /* Property List.plist */; };
		5AFEC1041DA046900054FAAA /* Interface.storyboard in Resources */ = {isa = PBXBuildFile; fileRef = 5AFEC1021DA046900054FAAA /* Interface.storyboard */; };
		5AFEC1061DA046900054FAAA /* Assets.xcassets in Resources */ = {isa = PBXBuildFile; fileRef = 5AFEC1051DA046900054FAAA /* Assets.xcassets */; };
		5AFEC10D1DA046900054FAAA /* Watch Extension.appex in Embed App Extensions */ = {isa = PBXBuildFile; fileRef = 5AFEC10C1DA046900054FAAA /* Watch Extension.appex */; settings = {ATTRIBUTES = (RemoveHeadersOnCopy, ); }; };
		5AFEC1121DA046900054FAAA /* InterfaceController.swift in Sources */ = {isa = PBXBuildFile; fileRef = 5AFEC1111DA046900054FAAA /* InterfaceController.swift */; };
		5AFEC1141DA046900054FAAA /* ExtensionDelegate.swift in Sources */ = {isa = PBXBuildFile; fileRef = 5AFEC1131DA046900054FAAA /* ExtensionDelegate.swift */; };
		5AFEC1161DA046900054FAAA /* Assets.xcassets in Resources */ = {isa = PBXBuildFile; fileRef = 5AFEC1151DA046900054FAAA /* Assets.xcassets */; };
		5AFEC11A1DA046900054FAAA /* Watch.app in Embed Watch Content */ = {isa = PBXBuildFile; fileRef = 5AFEC1001DA0468F0054FAAA /* Watch.app */; };
		77664586DAB6FEBA3E5AB213 /* Pods_TestingArea.framework in Frameworks */ = {isa = PBXBuildFile; fileRef = 86838F400CA1D75975B72135 /* Pods_TestingArea.framework */; };
/* End PBXBuildFile section */

/* Begin PBXContainerItemProxy section */
		5AFEC10E1DA046900054FAAA /* PBXContainerItemProxy */ = {
			isa = PBXContainerItemProxy;
			containerPortal = 5AE000FB1CAA0F3A0058B744 /* Project object */;
			proxyType = 1;
			remoteGlobalIDString = 5AFEC10B1DA046900054FAAA;
			remoteInfo = "Watch Extension";
		};
		5AFEC1181DA046900054FAAA /* PBXContainerItemProxy */ = {
			isa = PBXContainerItemProxy;
			containerPortal = 5AE000FB1CAA0F3A0058B744 /* Project object */;
			proxyType = 1;
			remoteGlobalIDString = 5AFEC0FF1DA0468F0054FAAA;
			remoteInfo = Watch;
		};
/* End PBXContainerItemProxy section */

/* Begin PBXCopyFilesBuildPhase section */
		5AFEC1201DA046900054FAAA /* Embed App Extensions */ = {
			isa = PBXCopyFilesBuildPhase;
			buildActionMask = 2147483647;
			dstPath = "";
			dstSubfolderSpec = 13;
			files = (
				5AFEC10D1DA046900054FAAA /* Watch Extension.appex in Embed App Extensions */,
			);
			name = "Embed App Extensions";
			runOnlyForDeploymentPostprocessing = 0;
		};
		5AFEC1221DA046900054FAAA /* Embed Watch Content */ = {
			isa = PBXCopyFilesBuildPhase;
			buildActionMask = 2147483647;
			dstPath = "$(CONTENTS_FOLDER_PATH)/Watch";
			dstSubfolderSpec = 16;
			files = (
				5AFEC11A1DA046900054FAAA /* Watch.app in Embed Watch Content */,
			);
			name = "Embed Watch Content";
			runOnlyForDeploymentPostprocessing = 0;
		};
/* End PBXCopyFilesBuildPhase section */

/* Begin PBXFileReference section */
		5A00C4C31D722A9C00AB34C3 /* Eureka.framework */ = {isa = PBXFileReference; lastKnownFileType = wrapper.framework; name = Eureka.framework; path = "../../Library/Developer/Xcode/DerivedData/TestingArea-ebirhtxcktfkkqcpcpuxeathcpcl/Build/Products/Debug-iphonesimulator/Eureka/Eureka.framework"; sourceTree = "<group>"; };
		5A0370DB1D4AD57E00A961D1 /* beep.mp3 */ = {isa = PBXFileReference; lastKnownFileType = audio.mp3; path = beep.mp3; sourceTree = "<group>"; };
		5A03B9F51D6D7C58009F08B9 /* SF-UI-Display-Thin.otf */ = {isa = PBXFileReference; lastKnownFileType = file; path = "SF-UI-Display-Thin.otf"; sourceTree = "<group>"; };
		5A158C8C1E369032007000FD /* NBEmojiSearchView.framework */ = {isa = PBXFileReference; lastKnownFileType = wrapper.framework; name = NBEmojiSearchView.framework; path = "Pods/../build/Debug-iphoneos/NBEmojiSearchView/NBEmojiSearchView.framework"; sourceTree = "<group>"; };
		5A158C8E1E369484007000FD /* AllEmoji.json */ = {isa = PBXFileReference; fileEncoding = 4; lastKnownFileType = text.json; path = AllEmoji.json; sourceTree = "<group>"; };
		5A16C0301E2E01F600D1DE46 /* SlideMenuControllerSwift.framework */ = {isa = PBXFileReference; lastKnownFileType = wrapper.framework; name = SlideMenuControllerSwift.framework; path = "../../Library/Developer/Xcode/DerivedData/TestingArea-ebirhtxcktfkkqcpcpuxeathcpcl/Build/Products/Debug-iphonesimulator/SlideMenuControllerSwift/SlideMenuControllerSwift.framework"; sourceTree = "<group>"; };
		5A16C0321E2E026F00D1DE46 /* MySlideMenuController.swift */ = {isa = PBXFileReference; fileEncoding = 4; lastKnownFileType = sourcecode.swift; path = MySlideMenuController.swift; sourceTree = "<group>"; };
		5A16C0361E2E0F2500D1DE46 /* AnotherViewController.swift */ = {isa = PBXFileReference; fileEncoding = 4; lastKnownFileType = sourcecode.swift; path = AnotherViewController.swift; sourceTree = "<group>"; };
		5A171C841DF7328600567EEE /* MLScreenshot.framework */ = {isa = PBXFileReference; lastKnownFileType = wrapper.framework; name = MLScreenshot.framework; path = "Pods/../build/Debug-iphoneos/MLScreenshot/MLScreenshot.framework"; sourceTree = "<group>"; };
		5A171DC21DECAB92007E2DEE /* Eureka.framework */ = {isa = PBXFileReference; lastKnownFileType = wrapper.framework; name = Eureka.framework; path = "Pods/../build/Release-iphoneos/Eureka.framework"; sourceTree = "<group>"; };
		5A177EEB1DD9F09B00FCB79C /* Eureka.framework */ = {isa = PBXFileReference; lastKnownFileType = wrapper.framework; name = Eureka.framework; path = "Pods/../build/Debug-iphoneos/Eureka/Eureka.framework"; sourceTree = "<group>"; };
		5A181E711E349C2000C058BF /* ASToast.framework */ = {isa = PBXFileReference; lastKnownFileType = wrapper.framework; name = ASToast.framework; path = "Pods/../build/Debug-iphoneos/ASToast/ASToast.framework"; sourceTree = "<group>"; };
		5A183DF51E15038F00FAFC52 /* SwiftyUtils.framework */ = {isa = PBXFileReference; lastKnownFileType = wrapper.framework; name = SwiftyUtils.framework; path = "Pods/../build/Debug-iphoneos/SwiftyUtils/SwiftyUtils.framework"; sourceTree = "<group>"; };
		5A1AE2DD1E3CE45F0038B1D5 /* pop.framework */ = {isa = PBXFileReference; lastKnownFileType = wrapper.framework; name = pop.framework; path = "../../Library/Developer/Xcode/DerivedData/TestingArea-ebirhtxcktfkkqcpcpuxeathcpcl/Build/Products/Debug-iphonesimulator/pop/pop.framework"; sourceTree = "<group>"; };
		5A1C32C11EB4F66200C47F13 /* GoogleService-Info.plist */ = {isa = PBXFileReference; fileEncoding = 4; lastKnownFileType = text.plist.xml; path = "GoogleService-Info.plist"; sourceTree = "<group>"; };
		5A1D44CE1DF346C600D1508B /* Charts.framework */ = {isa = PBXFileReference; lastKnownFileType = wrapper.framework; name = Charts.framework; path = "Pods/../build/Debug-iphoneos/Charts/Charts.framework"; sourceTree = "<group>"; };
		5A1DB3041DF45E7D0061FAEB /* SwiftCharts.framework */ = {isa = PBXFileReference; lastKnownFileType = wrapper.framework; name = SwiftCharts.framework; path = "../../Library/Developer/Xcode/DerivedData/TestingArea-ebirhtxcktfkkqcpcpuxeathcpcl/Build/Products/Debug-iphonesimulator/SwiftCharts/SwiftCharts.framework"; sourceTree = "<group>"; };
		5A1DB3061DF465370061FAEB /* SwiftChart.framework */ = {isa = PBXFileReference; lastKnownFileType = wrapper.framework; name = SwiftChart.framework; path = "Pods/../build/Debug-iphoneos/SwiftChart/SwiftChart.framework"; sourceTree = "<group>"; };
		5A1E03791DD3118000B2AF9F /* MathParser.framework */ = {isa = PBXFileReference; lastKnownFileType = wrapper.framework; name = MathParser.framework; path = "../../Library/Developer/Xcode/DerivedData/TestingArea-ebirhtxcktfkkqcpcpuxeathcpcl/Build/Products/Debug-iphonesimulator/DDMathParser/MathParser.framework"; sourceTree = "<group>"; };
		5A1EC86C1DD2658F009C23EF /* EZLoadingActivity.framework */ = {isa = PBXFileReference; lastKnownFileType = wrapper.framework; name = EZLoadingActivity.framework; path = "../../Library/Developer/Xcode/DerivedData/TestingArea-ebirhtxcktfkkqcpcpuxeathcpcl/Build/Products/Debug-iphonesimulator/EZLoadingActivity/EZLoadingActivity.framework"; sourceTree = "<group>"; };
		5A1EC8741DD266DD009C23EF /* JVFloatLabeledTextField.framework */ = {isa = PBXFileReference; lastKnownFileType = wrapper.framework; name = JVFloatLabeledTextField.framework; path = "../../Library/Developer/Xcode/DerivedData/TestingArea-ebirhtxcktfkkqcpcpuxeathcpcl/Build/Products/Debug-iphonesimulator/JVFloatLabeledTextField/JVFloatLabeledTextField.framework"; sourceTree = "<group>"; };
		5A1EC8751DD266DD009C23EF /* MGSwipeTableCell.framework */ = {isa = PBXFileReference; lastKnownFileType = wrapper.framework; name = MGSwipeTableCell.framework; path = "../../Library/Developer/Xcode/DerivedData/TestingArea-ebirhtxcktfkkqcpcpuxeathcpcl/Build/Products/Debug-iphonesimulator/MGSwipeTableCell/MGSwipeTableCell.framework"; sourceTree = "<group>"; };
		5A1F4DF91DB7F54A005990AF /* MyRowController.swift */ = {isa = PBXFileReference; fileEncoding = 4; lastKnownFileType = sourcecode.swift; path = MyRowController.swift; sourceTree = "<group>"; };
		5A1F86FE1DE97CD100110FCD /* PDFGenerator.framework */ = {isa = PBXFileReference; lastKnownFileType = wrapper.framework; name = PDFGenerator.framework; path = "Pods/../build/Debug-iphoneos/PDFGenerator/PDFGenerator.framework"; sourceTree = "<group>"; };
		5A1FD03F1DFD53390071AE2F /* TestingAreaTV.app */ = {isa = PBXFileReference; explicitFileType = wrapper.application; includeInIndex = 0; path = TestingAreaTV.app; sourceTree = BUILT_PRODUCTS_DIR; };
		5A1FD0411DFD53390071AE2F /* AppDelegate.swift */ = {isa = PBXFileReference; lastKnownFileType = sourcecode.swift; path = AppDelegate.swift; sourceTree = "<group>"; };
		5A1FD0431DFD53390071AE2F /* ViewController.swift */ = {isa = PBXFileReference; lastKnownFileType = sourcecode.swift; path = ViewController.swift; sourceTree = "<group>"; };
		5A1FD0461DFD53390071AE2F /* Base */ = {isa = PBXFileReference; lastKnownFileType = file.storyboard; name = Base; path = Base.lproj/Main.storyboard; sourceTree = "<group>"; };
		5A1FD0481DFD53390071AE2F /* Assets.xcassets */ = {isa = PBXFileReference; lastKnownFileType = folder.assetcatalog; path = Assets.xcassets; sourceTree = "<group>"; };
		5A1FD04A1DFD53390071AE2F /* Info.plist */ = {isa = PBXFileReference; lastKnownFileType = text.plist.xml; path = Info.plist; sourceTree = "<group>"; };
		5A23109C1E62E690009B39D2 /* NotoColorEmoji.ttf */ = {isa = PBXFileReference; lastKnownFileType = file; path = NotoColorEmoji.ttf; sourceTree = "<group>"; };
		5A373C1D1FB705C000F99847 /* test.txt */ = {isa = PBXFileReference; fileEncoding = 4; lastKnownFileType = text; path = test.txt; sourceTree = "<group>"; };
		5A3C5EBC202EDEC4001EB69E /* SceneKit.framework */ = {isa = PBXFileReference; lastKnownFileType = wrapper.framework; name = SceneKit.framework; path = System/Library/Frameworks/SceneKit.framework; sourceTree = SDKROOT; };
		5A3C5EBD202EDFC8001EB69E /* MyScene.swift */ = {isa = PBXFileReference; lastKnownFileType = sourcecode.swift; path = MyScene.swift; sourceTree = "<group>"; };
		5A4313B61DEA471500839CD6 /* BNHtmlPdfKit.framework */ = {isa = PBXFileReference; lastKnownFileType = wrapper.framework; name = BNHtmlPdfKit.framework; path = "Pods/../build/Debug-iphoneos/BNHtmlPdfKit/BNHtmlPdfKit.framework"; sourceTree = "<group>"; };
		5A55B5901F6455A60046FB51 /* Base */ = {isa = PBXFileReference; lastKnownFileType = text.plist.strings; name = Base; path = Base.lproj/Localizable.strings; sourceTree = "<group>"; };
		5A55B5921F6455B70046FB51 /* fr */ = {isa = PBXFileReference; lastKnownFileType = text.plist.strings; name = fr; path = fr.lproj/Localizable.strings; sourceTree = "<group>"; };
		5AD6D7161D23EDDD0015BF0E /* MyViewController2.swift */ = {isa = PBXFileReference; fileEncoding = 4; lastKnownFileType = sourcecode.swift; path = MyViewController2.swift; sourceTree = "<group>"; };
		5AE001031CAA0F3A0058B744 /* TestingArea.app */ = {isa = PBXFileReference; explicitFileType = wrapper.application; includeInIndex = 0; path = TestingArea.app; sourceTree = BUILT_PRODUCTS_DIR; };
		5AE001061CAA0F3A0058B744 /* AppDelegate.swift */ = {isa = PBXFileReference; lastKnownFileType = sourcecode.swift; path = AppDelegate.swift; sourceTree = "<group>"; };
		5AE0010E1CAA0F3A0058B744 /* TestingArea.xcdatamodel */ = {isa = PBXFileReference; lastKnownFileType = wrapper.xcdatamodel; path = TestingArea.xcdatamodel; sourceTree = "<group>"; };
		5AE001101CAA0F3A0058B744 /* Assets.xcassets */ = {isa = PBXFileReference; lastKnownFileType = folder.assetcatalog; path = Assets.xcassets; sourceTree = "<group>"; };
		5AE001131CAA0F3A0058B744 /* Base */ = {isa = PBXFileReference; lastKnownFileType = file.storyboard; name = Base; path = Base.lproj/LaunchScreen.storyboard; sourceTree = "<group>"; };
		5AE001151CAA0F3A0058B744 /* Info.plist */ = {isa = PBXFileReference; lastKnownFileType = text.plist.xml; path = Info.plist; sourceTree = "<group>"; };
		5AE20D801E38951E0064968B /* pop.framework */ = {isa = PBXFileReference; lastKnownFileType = wrapper.framework; name = pop.framework; path = "Pods/../build/Debug-iphoneos/pop/pop.framework"; sourceTree = "<group>"; };
		5AF7B00E1CCC6C2100292386 /* MyTableViewController.swift */ = {isa = PBXFileReference; fileEncoding = 4; lastKnownFileType = sourcecode.swift; path = MyTableViewController.swift; sourceTree = "<group>"; };
		5AFA092E1D8097E400DC8EAB /* SecretStuff.swift */ = {isa = PBXFileReference; fileEncoding = 4; lastKnownFileType = sourcecode.swift; path = SecretStuff.swift; sourceTree = "<group>"; };
		5AFA741B1CDD7589007C3B7C /* Main.storyboard */ = {isa = PBXFileReference; fileEncoding = 4; lastKnownFileType = file.storyboard; name = Main.storyboard; path = ../Main.storyboard; sourceTree = "<group>"; };
		5AFBC2651D0A9C3900E27822 /* MyViewController.swift */ = {isa = PBXFileReference; fileEncoding = 4; lastKnownFileType = sourcecode.swift; path = MyViewController.swift; sourceTree = "<group>"; };
		5AFBEABE1D111BBE00F8A8D2 /* modest.css */ = {isa = PBXFileReference; fileEncoding = 4; lastKnownFileType = text.css; path = modest.css; sourceTree = "<group>"; };
		5AFC3CA21D7C0E08008282B8 /* MapKit.framework */ = {isa = PBXFileReference; lastKnownFileType = wrapper.framework; name = MapKit.framework; path = System/Library/Frameworks/MapKit.framework; sourceTree = SDKROOT; };
		5AFD04761D780E1B0099527B /* TouchDraw.framework */ = {isa = PBXFileReference; lastKnownFileType = wrapper.framework; name = TouchDraw.framework; path = "../../Library/Developer/Xcode/DerivedData/TestingArea-ebirhtxcktfkkqcpcpuxeathcpcl/Build/Products/Debug-iphonesimulator/TouchDraw/TouchDraw.framework"; sourceTree = "<group>"; };
		5AFE43071D8E734200B063D8 /* EZSwiftExtensions.framework */ = {isa = PBXFileReference; lastKnownFileType = wrapper.framework; name = EZSwiftExtensions.framework; path = "../../Library/Developer/Xcode/DerivedData/TestingArea-ebirhtxcktfkkqcpcpuxeathcpcl/Build/Products/Debug-iphonesimulator/EZSwiftExtensions/EZSwiftExtensions.framework"; sourceTree = "<group>"; };
		5AFE67D11D2B8F5F0074ACAE /* Property List.plist */ = {isa = PBXFileReference; fileEncoding = 4; lastKnownFileType = text.plist.xml; path = "Property List.plist"; sourceTree = "<group>"; };
		5AFEC1001DA0468F0054FAAA /* Watch.app */ = {isa = PBXFileReference; explicitFileType = wrapper.application; includeInIndex = 0; path = Watch.app; sourceTree = BUILT_PRODUCTS_DIR; };
		5AFEC1031DA046900054FAAA /* Base */ = {isa = PBXFileReference; lastKnownFileType = file.storyboard; name = Base; path = Base.lproj/Interface.storyboard; sourceTree = "<group>"; };
		5AFEC1051DA046900054FAAA /* Assets.xcassets */ = {isa = PBXFileReference; lastKnownFileType = folder.assetcatalog; path = Assets.xcassets; sourceTree = "<group>"; };
		5AFEC1071DA046900054FAAA /* Info.plist */ = {isa = PBXFileReference; lastKnownFileType = text.plist.xml; path = Info.plist; sourceTree = "<group>"; };
		5AFEC10C1DA046900054FAAA /* Watch Extension.appex */ = {isa = PBXFileReference; explicitFileType = "wrapper.app-extension"; includeInIndex = 0; path = "Watch Extension.appex"; sourceTree = BUILT_PRODUCTS_DIR; };
		5AFEC1111DA046900054FAAA /* InterfaceController.swift */ = {isa = PBXFileReference; lastKnownFileType = sourcecode.swift; path = InterfaceController.swift; sourceTree = "<group>"; };
		5AFEC1131DA046900054FAAA /* ExtensionDelegate.swift */ = {isa = PBXFileReference; lastKnownFileType = sourcecode.swift; path = ExtensionDelegate.swift; sourceTree = "<group>"; };
		5AFEC1151DA046900054FAAA /* Assets.xcassets */ = {isa = PBXFileReference; lastKnownFileType = folder.assetcatalog; path = Assets.xcassets; sourceTree = "<group>"; };
		5AFEC1171DA046900054FAAA /* Info.plist */ = {isa = PBXFileReference; lastKnownFileType = text.plist.xml; path = Info.plist; sourceTree = "<group>"; };
		86838F400CA1D75975B72135 /* Pods_TestingArea.framework */ = {isa = PBXFileReference; explicitFileType = wrapper.framework; includeInIndex = 0; path = Pods_TestingArea.framework; sourceTree = BUILT_PRODUCTS_DIR; };
		8872C31A8576DB1452420218 /* Pods-TestingArea.debug.xcconfig */ = {isa = PBXFileReference; includeInIndex = 1; lastKnownFileType = text.xcconfig; name = "Pods-TestingArea.debug.xcconfig"; path = "Pods/Target Support Files/Pods-TestingArea/Pods-TestingArea.debug.xcconfig"; sourceTree = "<group>"; };
		B57A215E98C1AB22AFC7D1FF /* Pods-TestingArea.release.xcconfig */ = {isa = PBXFileReference; includeInIndex = 1; lastKnownFileType = text.xcconfig; name = "Pods-TestingArea.release.xcconfig"; path = "Pods/Target Support Files/Pods-TestingArea/Pods-TestingArea.release.xcconfig"; sourceTree = "<group>"; };
/* End PBXFileReference section */

/* Begin PBXFrameworksBuildPhase section */
		5A1FD03C1DFD53390071AE2F /* Frameworks */ = {
			isa = PBXFrameworksBuildPhase;
			buildActionMask = 2147483647;
			files = (
			);
			runOnlyForDeploymentPostprocessing = 0;
		};
		5AE001001CAA0F3A0058B744 /* Frameworks */ = {
			isa = PBXFrameworksBuildPhase;
			buildActionMask = 2147483647;
			files = (
				77664586DAB6FEBA3E5AB213 /* Pods_TestingArea.framework in Frameworks */,
			);
			runOnlyForDeploymentPostprocessing = 0;
		};
		5AFEC1091DA046900054FAAA /* Frameworks */ = {
			isa = PBXFrameworksBuildPhase;
			buildActionMask = 2147483647;
			files = (
			);
			runOnlyForDeploymentPostprocessing = 0;
		};
		73DFDA5B5EC3DB0A09A76D07 /* Frameworks */ = {
			isa = PBXFrameworksBuildPhase;
			buildActionMask = 2147483647;
			files = (
			);
			runOnlyForDeploymentPostprocessing = 0;
		};
/* End PBXFrameworksBuildPhase section */

/* Begin PBXGroup section */
		1EB06E18AAE7306B21230C08 /* Frameworks */ = {
			isa = PBXGroup;
			children = (
				5A3C5EBC202EDEC4001EB69E /* SceneKit.framework */,
				5A1AE2DD1E3CE45F0038B1D5 /* pop.framework */,
				5AE20D801E38951E0064968B /* pop.framework */,
				5A158C8C1E369032007000FD /* NBEmojiSearchView.framework */,
				5A181E711E349C2000C058BF /* ASToast.framework */,
				5A16C0301E2E01F600D1DE46 /* SlideMenuControllerSwift.framework */,
				5A183DF51E15038F00FAFC52 /* SwiftyUtils.framework */,
				5A171C841DF7328600567EEE /* MLScreenshot.framework */,
				5A1DB3061DF465370061FAEB /* SwiftChart.framework */,
				5A1DB3041DF45E7D0061FAEB /* SwiftCharts.framework */,
				5A1D44CE1DF346C600D1508B /* Charts.framework */,
				5A171DC21DECAB92007E2DEE /* Eureka.framework */,
				5A4313B61DEA471500839CD6 /* BNHtmlPdfKit.framework */,
				5A1F86FE1DE97CD100110FCD /* PDFGenerator.framework */,
				5A177EEB1DD9F09B00FCB79C /* Eureka.framework */,
				5A1E03791DD3118000B2AF9F /* MathParser.framework */,
				5A1EC8741DD266DD009C23EF /* JVFloatLabeledTextField.framework */,
				5A1EC8751DD266DD009C23EF /* MGSwipeTableCell.framework */,
				5A1EC86C1DD2658F009C23EF /* EZLoadingActivity.framework */,
				5AFE43071D8E734200B063D8 /* EZSwiftExtensions.framework */,
				5AFC3CA21D7C0E08008282B8 /* MapKit.framework */,
				5AFD04761D780E1B0099527B /* TouchDraw.framework */,
				5A00C4C31D722A9C00AB34C3 /* Eureka.framework */,
				86838F400CA1D75975B72135 /* Pods_TestingArea.framework */,
			);
			name = Frameworks;
			sourceTree = "<group>";
		};
		58DE2F7C93F929B49488DF3C /* Pods */ = {
			isa = PBXGroup;
			children = (
				8872C31A8576DB1452420218 /* Pods-TestingArea.debug.xcconfig */,
				B57A215E98C1AB22AFC7D1FF /* Pods-TestingArea.release.xcconfig */,
			);
			name = Pods;
			sourceTree = "<group>";
		};
		5A1FD0401DFD53390071AE2F /* TestingAreaTV */ = {
			isa = PBXGroup;
			children = (
				5A1FD0411DFD53390071AE2F /* AppDelegate.swift */,
				5A1FD0431DFD53390071AE2F /* ViewController.swift */,
				5A1FD0451DFD53390071AE2F /* Main.storyboard */,
				5A1FD0481DFD53390071AE2F /* Assets.xcassets */,
				5A1FD04A1DFD53390071AE2F /* Info.plist */,
			);
			path = TestingAreaTV;
			sourceTree = "<group>";
		};
		5AE000FA1CAA0F3A0058B744 = {
			isa = PBXGroup;
			children = (
				5AE001051CAA0F3A0058B744 /* TestingArea */,
				5AFEC1011DA046900054FAAA /* Watch */,
				5AFEC1101DA046900054FAAA /* Watch Extension */,
				5A1FD0401DFD53390071AE2F /* TestingAreaTV */,
				5AE001041CAA0F3A0058B744 /* Products */,
				1EB06E18AAE7306B21230C08 /* Frameworks */,
				58DE2F7C93F929B49488DF3C /* Pods */,
			);
			sourceTree = "<group>";
		};
		5AE001041CAA0F3A0058B744 /* Products */ = {
			isa = PBXGroup;
			children = (
				5AE001031CAA0F3A0058B744 /* TestingArea.app */,
				5AFEC1001DA0468F0054FAAA /* Watch.app */,
				5AFEC10C1DA046900054FAAA /* Watch Extension.appex */,
				5A1FD03F1DFD53390071AE2F /* TestingAreaTV.app */,
			);
			name = Products;
			sourceTree = "<group>";
		};
		5AE001051CAA0F3A0058B744 /* TestingArea */ = {
			isa = PBXGroup;
			children = (
				5A1C32C11EB4F66200C47F13 /* GoogleService-Info.plist */,
				5A23109C1E62E690009B39D2 /* NotoColorEmoji.ttf */,
				5A03B9F51D6D7C58009F08B9 /* SF-UI-Display-Thin.otf */,
				5A0370DB1D4AD57E00A961D1 /* beep.mp3 */,
				5AFBEABE1D111BBE00F8A8D2 /* modest.css */,
				5AFA741B1CDD7589007C3B7C /* Main.storyboard */,
				5AFE67D11D2B8F5F0074ACAE /* Property List.plist */,
				5AE001061CAA0F3A0058B744 /* AppDelegate.swift */,
				5A16C0321E2E026F00D1DE46 /* MySlideMenuController.swift */,
				5A16C0361E2E0F2500D1DE46 /* AnotherViewController.swift */,
				5AF7B00E1CCC6C2100292386 /* MyTableViewController.swift */,
				5AFBC2651D0A9C3900E27822 /* MyViewController.swift */,
				5AD6D7161D23EDDD0015BF0E /* MyViewController2.swift */,
				5A3C5EBD202EDFC8001EB69E /* MyScene.swift */,
				5AFA092E1D8097E400DC8EAB /* SecretStuff.swift */,
				5AE001101CAA0F3A0058B744 /* Assets.xcassets */,
				5AE001121CAA0F3A0058B744 /* LaunchScreen.storyboard */,
				5AE001151CAA0F3A0058B744 /* Info.plist */,
				5AE0010D1CAA0F3A0058B744 /* TestingArea.xcdatamodeld */,
				5A158C8E1E369484007000FD /* AllEmoji.json */,
				5A55B5911F6455A60046FB51 /* Localizable.strings */,
				5A373C1D1FB705C000F99847 /* test.txt */,
			);
			path = TestingArea;
			sourceTree = "<group>";
		};
		5AFEC1011DA046900054FAAA /* Watch */ = {
			isa = PBXGroup;
			children = (
				5AFEC1021DA046900054FAAA /* Interface.storyboard */,
				5AFEC1051DA046900054FAAA /* Assets.xcassets */,
				5AFEC1071DA046900054FAAA /* Info.plist */,
			);
			path = Watch;
			sourceTree = "<group>";
		};
		5AFEC1101DA046900054FAAA /* Watch Extension */ = {
			isa = PBXGroup;
			children = (
				5AFEC1111DA046900054FAAA /* InterfaceController.swift */,
				5A1F4DF91DB7F54A005990AF /* MyRowController.swift */,
				5AFEC1131DA046900054FAAA /* ExtensionDelegate.swift */,
				5AFEC1151DA046900054FAAA /* Assets.xcassets */,
				5AFEC1171DA046900054FAAA /* Info.plist */,
			);
			path = "Watch Extension";
			sourceTree = "<group>";
		};
/* End PBXGroup section */

/* Begin PBXNativeTarget section */
		5A1FD03E1DFD53390071AE2F /* TestingAreaTV */ = {
			isa = PBXNativeTarget;
			buildConfigurationList = 5A1FD04D1DFD53390071AE2F /* Build configuration list for PBXNativeTarget "TestingAreaTV" */;
			buildPhases = (
				5A1FD03B1DFD53390071AE2F /* Sources */,
				5A1FD03C1DFD53390071AE2F /* Frameworks */,
				5A1FD03D1DFD53390071AE2F /* Resources */,
			);
			buildRules = (
			);
			dependencies = (
			);
			name = TestingAreaTV;
			productName = TestingAreaTV;
			productReference = 5A1FD03F1DFD53390071AE2F /* TestingAreaTV.app */;
			productType = "com.apple.product-type.application";
		};
		5AE001021CAA0F3A0058B744 /* TestingArea */ = {
			isa = PBXNativeTarget;
			buildConfigurationList = 5AE0012E1CAA0F3A0058B744 /* Build configuration list for PBXNativeTarget "TestingArea" */;
			buildPhases = (
				BF215F962660862CFFFDACFF /* [CP] Check Pods Manifest.lock */,
				5AE000FF1CAA0F3A0058B744 /* Sources */,
				5AE001001CAA0F3A0058B744 /* Frameworks */,
				5AE001011CAA0F3A0058B744 /* Resources */,
				F0E53F4CA3F0CBF430ADA2F5 /* [CP] Embed Pods Frameworks */,
				C5A42BF5EC9DCE6ADE63B11A /* [CP] Copy Pods Resources */,
				5AFEC1221DA046900054FAAA /* Embed Watch Content */,
			);
			buildRules = (
			);
			dependencies = (
				5AFEC1191DA046900054FAAA /* PBXTargetDependency */,
			);
			name = TestingArea;
			productName = TestingArea;
			productReference = 5AE001031CAA0F3A0058B744 /* TestingArea.app */;
			productType = "com.apple.product-type.application";
		};
		5AFEC0FF1DA0468F0054FAAA /* Watch */ = {
			isa = PBXNativeTarget;
			buildConfigurationList = 5AFEC1211DA046900054FAAA /* Build configuration list for PBXNativeTarget "Watch" */;
			buildPhases = (
				5AFEC0FE1DA0468F0054FAAA /* Resources */,
				5AFEC1201DA046900054FAAA /* Embed App Extensions */,
				73DFDA5B5EC3DB0A09A76D07 /* Frameworks */,
			);
			buildRules = (
			);
			dependencies = (
				5AFEC10F1DA046900054FAAA /* PBXTargetDependency */,
			);
			name = Watch;
			productName = Watch;
			productReference = 5AFEC1001DA0468F0054FAAA /* Watch.app */;
			productType = "com.apple.product-type.application.watchapp2";
		};
		5AFEC10B1DA046900054FAAA /* Watch Extension */ = {
			isa = PBXNativeTarget;
			buildConfigurationList = 5AFEC11F1DA046900054FAAA /* Build configuration list for PBXNativeTarget "Watch Extension" */;
			buildPhases = (
				5AFEC1081DA046900054FAAA /* Sources */,
				5AFEC1091DA046900054FAAA /* Frameworks */,
				5AFEC10A1DA046900054FAAA /* Resources */,
			);
			buildRules = (
			);
			dependencies = (
			);
			name = "Watch Extension";
			productName = "Watch Extension";
			productReference = 5AFEC10C1DA046900054FAAA /* Watch Extension.appex */;
			productType = "com.apple.product-type.watchkit2-extension";
		};
/* End PBXNativeTarget section */

/* Begin PBXProject section */
		5AE000FB1CAA0F3A0058B744 /* Project object */ = {
			isa = PBXProject;
			attributes = {
				LastSwiftUpdateCheck = 0810;
				LastUpgradeCheck = 0910;
				ORGANIZATIONNAME = "Mulang Su";
				TargetAttributes = {
					5A1FD03E1DFD53390071AE2F = {
						CreatedOnToolsVersion = 8.1;
						DevelopmentTeam = E9MW74DJ4Y;
						ProvisioningStyle = Automatic;
					};
					5AE001021CAA0F3A0058B744 = {
						CreatedOnToolsVersion = 7.3;
						DevelopmentTeam = E9MW74DJ4Y;
						LastSwiftMigration = 0800;
					};
					5AFEC0FF1DA0468F0054FAAA = {
						CreatedOnToolsVersion = 8.0;
						DevelopmentTeam = E9MW74DJ4Y;
						ProvisioningStyle = Automatic;
					};
					5AFEC10B1DA046900054FAAA = {
						CreatedOnToolsVersion = 8.0;
						DevelopmentTeam = E9MW74DJ4Y;
						ProvisioningStyle = Automatic;
					};
				};
			};
			buildConfigurationList = 5AE000FE1CAA0F3A0058B744 /* Build configuration list for PBXProject "TestingArea" */;
			compatibilityVersion = "Xcode 3.2";
			developmentRegion = English;
			hasScannedForEncodings = 0;
			knownRegions = (
				en,
				Base,
				fr,
			);
			mainGroup = 5AE000FA1CAA0F3A0058B744;
			productRefGroup = 5AE001041CAA0F3A0058B744 /* Products */;
			projectDirPath = "";
			projectRoot = "";
			targets = (
				5AE001021CAA0F3A0058B744 /* TestingArea */,
				5AFEC0FF1DA0468F0054FAAA /* Watch */,
				5AFEC10B1DA046900054FAAA /* Watch Extension */,
				5A1FD03E1DFD53390071AE2F /* TestingAreaTV */,
			);
		};
/* End PBXProject section */

/* Begin PBXResourcesBuildPhase section */
		5A1FD03D1DFD53390071AE2F /* Resources */ = {
			isa = PBXResourcesBuildPhase;
			buildActionMask = 2147483647;
			files = (
				5A1FD0491DFD53390071AE2F /* Assets.xcassets in Resources */,
				5A1FD0471DFD53390071AE2F /* Main.storyboard in Resources */,
			);
			runOnlyForDeploymentPostprocessing = 0;
		};
		5AE001011CAA0F3A0058B744 /* Resources */ = {
			isa = PBXResourcesBuildPhase;
			buildActionMask = 2147483647;
			files = (
				5AFA741C1CDD7589007C3B7C /* Main.storyboard in Resources */,
				5A55B58F1F6455A60046FB51 /* Localizable.strings in Resources */,
				5AFBEABF1D111BBE00F8A8D2 /* modest.css in Resources */,
				5A158C8F1E369484007000FD /* AllEmoji.json in Resources */,
				5A23109D1E62E690009B39D2 /* NotoColorEmoji.ttf in Resources */,
				5A0370DC1D4AD57E00A961D1 /* beep.mp3 in Resources */,
				5A03B9F61D6D7C58009F08B9 /* SF-UI-Display-Thin.otf in Resources */,
				5AE001141CAA0F3A0058B744 /* LaunchScreen.storyboard in Resources */,
				5A1C32C21EB4F66200C47F13 /* GoogleService-Info.plist in Resources */,
				5AFE67D21D2B8F5F0074ACAE /* Property List.plist in Resources */,
				5A373C1E1FB705C000F99847 /* test.txt in Resources */,
				5AE001111CAA0F3A0058B744 /* Assets.xcassets in Resources */,
			);
			runOnlyForDeploymentPostprocessing = 0;
		};
		5AFEC0FE1DA0468F0054FAAA /* Resources */ = {
			isa = PBXResourcesBuildPhase;
			buildActionMask = 2147483647;
			files = (
				5AFEC1061DA046900054FAAA /* Assets.xcassets in Resources */,
				5AFEC1041DA046900054FAAA /* Interface.storyboard in Resources */,
			);
			runOnlyForDeploymentPostprocessing = 0;
		};
		5AFEC10A1DA046900054FAAA /* Resources */ = {
			isa = PBXResourcesBuildPhase;
			buildActionMask = 2147483647;
			files = (
				5AFEC1161DA046900054FAAA /* Assets.xcassets in Resources */,
			);
			runOnlyForDeploymentPostprocessing = 0;
		};
/* End PBXResourcesBuildPhase section */

/* Begin PBXShellScriptBuildPhase section */
		BF215F962660862CFFFDACFF /* [CP] Check Pods Manifest.lock */ = {
			isa = PBXShellScriptBuildPhase;
			buildActionMask = 2147483647;
			files = (
			);
			inputPaths = (
				"${PODS_PODFILE_DIR_PATH}/Podfile.lock",
				"${PODS_ROOT}/Manifest.lock",
			);
			name = "[CP] Check Pods Manifest.lock";
			outputPaths = (
				"$(DERIVED_FILE_DIR)/Pods-TestingArea-checkManifestLockResult.txt",
			);
			runOnlyForDeploymentPostprocessing = 0;
			shellPath = /bin/sh;
			shellScript = "diff \"${PODS_PODFILE_DIR_PATH}/Podfile.lock\" \"${PODS_ROOT}/Manifest.lock\" > /dev/null\nif [ $? != 0 ] ; then\n    # print error to STDERR\n    echo \"error: The sandbox is not in sync with the Podfile.lock. Run 'pod install' or update your CocoaPods installation.\" >&2\n    exit 1\nfi\n# This output is used by Xcode 'outputs' to avoid re-running this script phase.\necho \"SUCCESS\" > \"${SCRIPT_OUTPUT_FILE_0}\"\n";
			showEnvVarsInLog = 0;
		};
		C5A42BF5EC9DCE6ADE63B11A /* [CP] Copy Pods Resources */ = {
			isa = PBXShellScriptBuildPhase;
			buildActionMask = 2147483647;
			files = (
			);
			inputPaths = (
				"${SRCROOT}/Pods/Target Support Files/Pods-TestingArea/Pods-TestingArea-resources.sh",
				"${PODS_ROOT}/GoogleSignIn/Resources/GoogleSignIn.bundle",
			);
			name = "[CP] Copy Pods Resources";
			outputPaths = (
				"${TARGET_BUILD_DIR}/${UNLOCALIZED_RESOURCES_FOLDER_PATH}",
			);
			runOnlyForDeploymentPostprocessing = 0;
			shellPath = /bin/sh;
			shellScript = "\"${SRCROOT}/Pods/Target Support Files/Pods-TestingArea/Pods-TestingArea-resources.sh\"\n";
			showEnvVarsInLog = 0;
		};
		F0E53F4CA3F0CBF430ADA2F5 /* [CP] Embed Pods Frameworks */ = {
			isa = PBXShellScriptBuildPhase;
			buildActionMask = 2147483647;
			files = (
			);
			inputPaths = (
				"${SRCROOT}/Pods/Target Support Files/Pods-TestingArea/Pods-TestingArea-frameworks.sh",
				"${BUILT_PRODUCTS_DIR}/Alamofire/Alamofire.framework",
				"${BUILT_PRODUCTS_DIR}/GTMOAuth2/GTMOAuth2.framework",
				"${BUILT_PRODUCTS_DIR}/GTMSessionFetcher/GTMSessionFetcher.framework",
				"${BUILT_PRODUCTS_DIR}/GoogleToolboxForMac/GoogleToolboxForMac.framework",
				"${BUILT_PRODUCTS_DIR}/MDFInternationalization/MDFInternationalization.framework",
				"${BUILT_PRODUCTS_DIR}/MDFTextAccessibility/MDFTextAccessibility.framework",
				"${BUILT_PRODUCTS_DIR}/MaterialComponents/MaterialComponents.framework",
				"${BUILT_PRODUCTS_DIR}/MotionAnimator/MotionAnimator.framework",
				"${BUILT_PRODUCTS_DIR}/MotionInterchange/MotionInterchange.framework",
				"${BUILT_PRODUCTS_DIR}/MotionTransitioning/MotionTransitioning.framework",
				"${BUILT_PRODUCTS_DIR}/Realm/Realm.framework",
				"${BUILT_PRODUCTS_DIR}/RealmSwift/RealmSwift.framework",
				"${BUILT_PRODUCTS_DIR}/RxCocoa/RxCocoa.framework",
				"${BUILT_PRODUCTS_DIR}/RxSwift/RxSwift.framework",
				"${BUILT_PRODUCTS_DIR}/SlideMenuControllerSwift/SlideMenuControllerSwift.framework",
				"${BUILT_PRODUCTS_DIR}/SwiftyJSON/SwiftyJSON.framework",
				"${BUILT_PRODUCTS_DIR}/SwiftyUtils/SwiftyUtils.framework",
				"${BUILT_PRODUCTS_DIR}/nanopb/nanopb.framework",
			);
			name = "[CP] Embed Pods Frameworks";
			outputPaths = (
				"${TARGET_BUILD_DIR}/${FRAMEWORKS_FOLDER_PATH}/Alamofire.framework",
				"${TARGET_BUILD_DIR}/${FRAMEWORKS_FOLDER_PATH}/GTMOAuth2.framework",
				"${TARGET_BUILD_DIR}/${FRAMEWORKS_FOLDER_PATH}/GTMSessionFetcher.framework",
				"${TARGET_BUILD_DIR}/${FRAMEWORKS_FOLDER_PATH}/GoogleToolboxForMac.framework",
				"${TARGET_BUILD_DIR}/${FRAMEWORKS_FOLDER_PATH}/MDFInternationalization.framework",
				"${TARGET_BUILD_DIR}/${FRAMEWORKS_FOLDER_PATH}/MDFTextAccessibility.framework",
				"${TARGET_BUILD_DIR}/${FRAMEWORKS_FOLDER_PATH}/MaterialComponents.framework",
				"${TARGET_BUILD_DIR}/${FRAMEWORKS_FOLDER_PATH}/MotionAnimator.framework",
				"${TARGET_BUILD_DIR}/${FRAMEWORKS_FOLDER_PATH}/MotionInterchange.framework",
				"${TARGET_BUILD_DIR}/${FRAMEWORKS_FOLDER_PATH}/MotionTransitioning.framework",
				"${TARGET_BUILD_DIR}/${FRAMEWORKS_FOLDER_PATH}/Realm.framework",
				"${TARGET_BUILD_DIR}/${FRAMEWORKS_FOLDER_PATH}/RealmSwift.framework",
				"${TARGET_BUILD_DIR}/${FRAMEWORKS_FOLDER_PATH}/RxCocoa.framework",
				"${TARGET_BUILD_DIR}/${FRAMEWORKS_FOLDER_PATH}/RxSwift.framework",
				"${TARGET_BUILD_DIR}/${FRAMEWORKS_FOLDER_PATH}/SlideMenuControllerSwift.framework",
				"${TARGET_BUILD_DIR}/${FRAMEWORKS_FOLDER_PATH}/SwiftyJSON.framework",
				"${TARGET_BUILD_DIR}/${FRAMEWORKS_FOLDER_PATH}/SwiftyUtils.framework",
				"${TARGET_BUILD_DIR}/${FRAMEWORKS_FOLDER_PATH}/nanopb.framework",
			);
			runOnlyForDeploymentPostprocessing = 0;
			shellPath = /bin/sh;
			shellScript = "\"${SRCROOT}/Pods/Target Support Files/Pods-TestingArea/Pods-TestingArea-frameworks.sh\"\n";
			showEnvVarsInLog = 0;
		};
/* End PBXShellScriptBuildPhase section */

/* Begin PBXSourcesBuildPhase section */
		5A1FD03B1DFD53390071AE2F /* Sources */ = {
			isa = PBXSourcesBuildPhase;
			buildActionMask = 2147483647;
			files = (
				5A1FD0441DFD53390071AE2F /* ViewController.swift in Sources */,
				5A1FD04E1DFD56DE0071AE2F /* MyTableViewController.swift in Sources */,
				5A1FD0421DFD53390071AE2F /* AppDelegate.swift in Sources */,
			);
			runOnlyForDeploymentPostprocessing = 0;
		};
		5AE000FF1CAA0F3A0058B744 /* Sources */ = {
			isa = PBXSourcesBuildPhase;
			buildActionMask = 2147483647;
			files = (
				5AE0010F1CAA0F3A0058B744 /* TestingArea.xcdatamodeld in Sources */,
				5AFA092F1D8097E400DC8EAB /* SecretStuff.swift in Sources */,
				5A3C5EBE202EDFC8001EB69E /* MyScene.swift in Sources */,
				5AF7B00F1CCC6C2100292386 /* MyTableViewController.swift in Sources */,
				5AFBC2661D0A9C3900E27822 /* MyViewController.swift in Sources */,
				5AE001071CAA0F3A0058B744 /* AppDelegate.swift in Sources */,
				5A16C0331E2E026F00D1DE46 /* MySlideMenuController.swift in Sources */,
				5AD6D7171D23EDDD0015BF0E /* MyViewController2.swift in Sources */,
				5A16C0371E2E0F2500D1DE46 /* AnotherViewController.swift in Sources */,
			);
			runOnlyForDeploymentPostprocessing = 0;
		};
		5AFEC1081DA046900054FAAA /* Sources */ = {
			isa = PBXSourcesBuildPhase;
			buildActionMask = 2147483647;
			files = (
				5AFEC1141DA046900054FAAA /* ExtensionDelegate.swift in Sources */,
				5AFEC1121DA046900054FAAA /* InterfaceController.swift in Sources */,
				5A1F4DFA1DB7F54A005990AF /* MyRowController.swift in Sources */,
			);
			runOnlyForDeploymentPostprocessing = 0;
		};
/* End PBXSourcesBuildPhase section */

/* Begin PBXTargetDependency section */
		5AFEC10F1DA046900054FAAA /* PBXTargetDependency */ = {
			isa = PBXTargetDependency;
			target = 5AFEC10B1DA046900054FAAA /* Watch Extension */;
			targetProxy = 5AFEC10E1DA046900054FAAA /* PBXContainerItemProxy */;
		};
		5AFEC1191DA046900054FAAA /* PBXTargetDependency */ = {
			isa = PBXTargetDependency;
			target = 5AFEC0FF1DA0468F0054FAAA /* Watch */;
			targetProxy = 5AFEC1181DA046900054FAAA /* PBXContainerItemProxy */;
		};
/* End PBXTargetDependency section */

/* Begin PBXVariantGroup section */
		5A1FD0451DFD53390071AE2F /* Main.storyboard */ = {
			isa = PBXVariantGroup;
			children = (
				5A1FD0461DFD53390071AE2F /* Base */,
			);
			name = Main.storyboard;
			sourceTree = "<group>";
		};
		5A55B5911F6455A60046FB51 /* Localizable.strings */ = {
			isa = PBXVariantGroup;
			children = (
				5A55B5901F6455A60046FB51 /* Base */,
				5A55B5921F6455B70046FB51 /* fr */,
			);
			name = Localizable.strings;
			sourceTree = "<group>";
		};
		5AE001121CAA0F3A0058B744 /* LaunchScreen.storyboard */ = {
			isa = PBXVariantGroup;
			children = (
				5AE001131CAA0F3A0058B744 /* Base */,
			);
			name = LaunchScreen.storyboard;
			sourceTree = "<group>";
		};
		5AFEC1021DA046900054FAAA /* Interface.storyboard */ = {
			isa = PBXVariantGroup;
			children = (
				5AFEC1031DA046900054FAAA /* Base */,
			);
			name = Interface.storyboard;
			sourceTree = "<group>";
		};
/* End PBXVariantGroup section */

/* Begin XCBuildConfiguration section */
		5A1FD04B1DFD53390071AE2F /* Debug */ = {
			isa = XCBuildConfiguration;
			buildSettings = {
				ASSETCATALOG_COMPILER_APPICON_NAME = "App Icon & Top Shelf Image";
				ASSETCATALOG_COMPILER_LAUNCHIMAGE_NAME = LaunchImage;
				CLANG_WARN_DOCUMENTATION_COMMENTS = YES;
				CLANG_WARN_SUSPICIOUS_MOVES = YES;
				DEVELOPMENT_TEAM = E9MW74DJ4Y;
				INFOPLIST_FILE = TestingAreaTV/Info.plist;
				LD_RUNPATH_SEARCH_PATHS = "$(inherited) @executable_path/Frameworks";
				PRODUCT_BUNDLE_IDENTIFIER = com.TestingAreaTV;
				PRODUCT_NAME = "$(TARGET_NAME)";
				SDKROOT = appletvos;
				SWIFT_ACTIVE_COMPILATION_CONDITIONS = DEBUG;
				SWIFT_VERSION = 3.0;
				TARGETED_DEVICE_FAMILY = 3;
				TVOS_DEPLOYMENT_TARGET = 10.0;
			};
			name = Debug;
		};
		5A1FD04C1DFD53390071AE2F /* Release */ = {
			isa = XCBuildConfiguration;
			buildSettings = {
				ASSETCATALOG_COMPILER_APPICON_NAME = "App Icon & Top Shelf Image";
				ASSETCATALOG_COMPILER_LAUNCHIMAGE_NAME = LaunchImage;
				CLANG_WARN_DOCUMENTATION_COMMENTS = YES;
				CLANG_WARN_SUSPICIOUS_MOVES = YES;
				DEVELOPMENT_TEAM = E9MW74DJ4Y;
				INFOPLIST_FILE = TestingAreaTV/Info.plist;
				LD_RUNPATH_SEARCH_PATHS = "$(inherited) @executable_path/Frameworks";
				PRODUCT_BUNDLE_IDENTIFIER = com.TestingAreaTV;
				PRODUCT_NAME = "$(TARGET_NAME)";
				SDKROOT = appletvos;
				SWIFT_VERSION = 3.0;
				TARGETED_DEVICE_FAMILY = 3;
				TVOS_DEPLOYMENT_TARGET = 10.0;
			};
			name = Release;
		};
		5AE0012C1CAA0F3A0058B744 /* Debug */ = {
			isa = XCBuildConfiguration;
			buildSettings = {
				ALWAYS_SEARCH_USER_PATHS = NO;
				CLANG_ANALYZER_LOCALIZABILITY_NONLOCALIZED = YES;
				CLANG_ANALYZER_NONNULL = YES;
				CLANG_CXX_LANGUAGE_STANDARD = "gnu++0x";
				CLANG_CXX_LIBRARY = "libc++";
				CLANG_ENABLE_MODULES = YES;
				CLANG_ENABLE_OBJC_ARC = YES;
				CLANG_WARN_BLOCK_CAPTURE_AUTORELEASING = YES;
				CLANG_WARN_BOOL_CONVERSION = YES;
				CLANG_WARN_COMMA = YES;
				CLANG_WARN_CONSTANT_CONVERSION = YES;
				CLANG_WARN_DIRECT_OBJC_ISA_USAGE = YES_ERROR;
				CLANG_WARN_EMPTY_BODY = YES;
				CLANG_WARN_ENUM_CONVERSION = YES;
				CLANG_WARN_INFINITE_RECURSION = YES;
				CLANG_WARN_INT_CONVERSION = YES;
				CLANG_WARN_NON_LITERAL_NULL_CONVERSION = YES;
				CLANG_WARN_OBJC_LITERAL_CONVERSION = YES;
				CLANG_WARN_OBJC_ROOT_CLASS = YES_ERROR;
				CLANG_WARN_RANGE_LOOP_ANALYSIS = YES;
				CLANG_WARN_STRICT_PROTOTYPES = YES;
				CLANG_WARN_SUSPICIOUS_MOVE = YES;
				CLANG_WARN_UNREACHABLE_CODE = YES;
				CLANG_WARN__DUPLICATE_METHOD_MATCH = YES;
				"CODE_SIGN_IDENTITY[sdk=iphoneos*]" = "iPhone Developer";
				COPY_PHASE_STRIP = NO;
				DEBUG_INFORMATION_FORMAT = dwarf;
				ENABLE_STRICT_OBJC_MSGSEND = YES;
				ENABLE_TESTABILITY = YES;
				GCC_C_LANGUAGE_STANDARD = gnu99;
				GCC_DYNAMIC_NO_PIC = NO;
				GCC_NO_COMMON_BLOCKS = YES;
				GCC_OPTIMIZATION_LEVEL = 0;
				GCC_PREPROCESSOR_DEFINITIONS = (
					"DEBUG=1",
					"$(inherited)",
				);
				GCC_WARN_64_TO_32_BIT_CONVERSION = YES;
				GCC_WARN_ABOUT_RETURN_TYPE = YES_ERROR;
				GCC_WARN_UNDECLARED_SELECTOR = YES;
				GCC_WARN_UNINITIALIZED_AUTOS = YES_AGGRESSIVE;
				GCC_WARN_UNUSED_FUNCTION = YES;
				GCC_WARN_UNUSED_VARIABLE = YES;
				IPHONEOS_DEPLOYMENT_TARGET = 9.3;
				MTL_ENABLE_DEBUG_INFO = YES;
				ONLY_ACTIVE_ARCH = YES;
				SDKROOT = iphoneos;
				SWIFT_OPTIMIZATION_LEVEL = "-Onone";
				TARGETED_DEVICE_FAMILY = "1,2";
			};
			name = Debug;
		};
		5AE0012D1CAA0F3A0058B744 /* Release */ = {
			isa = XCBuildConfiguration;
			buildSettings = {
				ALWAYS_SEARCH_USER_PATHS = NO;
				CLANG_ANALYZER_LOCALIZABILITY_NONLOCALIZED = YES;
				CLANG_ANALYZER_NONNULL = YES;
				CLANG_CXX_LANGUAGE_STANDARD = "gnu++0x";
				CLANG_CXX_LIBRARY = "libc++";
				CLANG_ENABLE_MODULES = YES;
				CLANG_ENABLE_OBJC_ARC = YES;
				CLANG_WARN_BLOCK_CAPTURE_AUTORELEASING = YES;
				CLANG_WARN_BOOL_CONVERSION = YES;
				CLANG_WARN_COMMA = YES;
				CLANG_WARN_CONSTANT_CONVERSION = YES;
				CLANG_WARN_DIRECT_OBJC_ISA_USAGE = YES_ERROR;
				CLANG_WARN_EMPTY_BODY = YES;
				CLANG_WARN_ENUM_CONVERSION = YES;
				CLANG_WARN_INFINITE_RECURSION = YES;
				CLANG_WARN_INT_CONVERSION = YES;
				CLANG_WARN_NON_LITERAL_NULL_CONVERSION = YES;
				CLANG_WARN_OBJC_LITERAL_CONVERSION = YES;
				CLANG_WARN_OBJC_ROOT_CLASS = YES_ERROR;
				CLANG_WARN_RANGE_LOOP_ANALYSIS = YES;
				CLANG_WARN_STRICT_PROTOTYPES = YES;
				CLANG_WARN_SUSPICIOUS_MOVE = YES;
				CLANG_WARN_UNREACHABLE_CODE = YES;
				CLANG_WARN__DUPLICATE_METHOD_MATCH = YES;
				"CODE_SIGN_IDENTITY[sdk=iphoneos*]" = "iPhone Developer";
				COPY_PHASE_STRIP = NO;
				DEBUG_INFORMATION_FORMAT = "dwarf-with-dsym";
				ENABLE_NS_ASSERTIONS = NO;
				ENABLE_STRICT_OBJC_MSGSEND = YES;
				GCC_C_LANGUAGE_STANDARD = gnu99;
				GCC_NO_COMMON_BLOCKS = YES;
				GCC_WARN_64_TO_32_BIT_CONVERSION = YES;
				GCC_WARN_ABOUT_RETURN_TYPE = YES_ERROR;
				GCC_WARN_UNDECLARED_SELECTOR = YES;
				GCC_WARN_UNINITIALIZED_AUTOS = YES_AGGRESSIVE;
				GCC_WARN_UNUSED_FUNCTION = YES;
				GCC_WARN_UNUSED_VARIABLE = YES;
				IPHONEOS_DEPLOYMENT_TARGET = 9.3;
				MTL_ENABLE_DEBUG_INFO = NO;
				SDKROOT = iphoneos;
				SWIFT_OPTIMIZATION_LEVEL = "-Owholemodule";
				TARGETED_DEVICE_FAMILY = "1,2";
				VALIDATE_PRODUCT = YES;
			};
			name = Release;
		};
		5AE0012F1CAA0F3A0058B744 /* Debug */ = {
			isa = XCBuildConfiguration;
			baseConfigurationReference = 8872C31A8576DB1452420218 /* Pods-TestingArea.debug.xcconfig */;
			buildSettings = {
				ALWAYS_EMBED_SWIFT_STANDARD_LIBRARIES = YES;
				ASSETCATALOG_COMPILER_APPICON_NAME = AppIcon;
				DEVELOPMENT_TEAM = E9MW74DJ4Y;
				FRAMEWORK_SEARCH_PATHS = (
					"$(inherited)",
					"$(PROJECT_DIR)/build/Debug-iphoneos",
					"$(PROJECT_DIR)/build/Debug-iphoneos/XLForm",
					"$(PROJECT_DIR)/build/Debug-iphoneos/FRDoneAccessory",
					"$(PROJECT_DIR)/build/Debug-iphoneos/ISHHoverBar",
					"$(PROJECT_DIR)/build/Debug-iphoneos/PinYin4Objc",
					"$(PROJECT_DIR)/build/Debug-iphoneos/NHArrowView",
					"$(PROJECT_DIR)/build/Debug-iphoneos/ArrowView",
					"$(PROJECT_DIR)/build/Debug-iphoneos/DropDown",
					"$(PROJECT_DIR)/build/Debug-iphoneos/BEMAnalogClock",
					"$(PROJECT_DIR)/build/Debug-iphoneos/JVFloatLabeledTextField",
					"$(PROJECT_DIR)/build/Debug-iphoneos/DDMathParser",
					"$(PROJECT_DIR)/build/Debug-iphoneos/MGSwipeTableCell",
					"$(PROJECT_DIR)/build/Debug-iphoneos/Eureka",
					"$(PROJECT_DIR)/build/Debug-iphoneos/PDFGenerator",
					"$(PROJECT_DIR)/build/Debug-iphoneos/BNHtmlPdfKit",
					"$(PROJECT_DIR)/build/Release-iphoneos",
					"$(PROJECT_DIR)/build/Debug-iphoneos/Charts",
					"$(PROJECT_DIR)/build/Debug-iphoneos/SwiftChart",
					"$(PROJECT_DIR)/build/Debug-iphoneos/MLScreenshot",
					"$(PROJECT_DIR)/build/Debug-iphoneos/SwiftyUtils",
					"$(PROJECT_DIR)/build/Debug-iphoneos/ASToast",
					"$(PROJECT_DIR)/build/Debug-iphoneos/NBEmojiSearchView",
					"$(PROJECT_DIR)/build/Debug-iphoneos/pop",
				);
				INFOPLIST_FILE = TestingArea/Info.plist;
				IPHONEOS_DEPLOYMENT_TARGET = 9.0;
				LD_RUNPATH_SEARCH_PATHS = "$(inherited) @executable_path/Frameworks";
				PRODUCT_BUNDLE_IDENTIFIER = com.TestingArea;
				PRODUCT_NAME = "$(TARGET_NAME)";
				SWIFT_VERSION = 3.0;
			};
			name = Debug;
		};
		5AE001301CAA0F3A0058B744 /* Release */ = {
			isa = XCBuildConfiguration;
			baseConfigurationReference = B57A215E98C1AB22AFC7D1FF /* Pods-TestingArea.release.xcconfig */;
			buildSettings = {
				ALWAYS_EMBED_SWIFT_STANDARD_LIBRARIES = YES;
				ASSETCATALOG_COMPILER_APPICON_NAME = AppIcon;
				DEVELOPMENT_TEAM = E9MW74DJ4Y;
				FRAMEWORK_SEARCH_PATHS = (
					"$(inherited)",
					"$(PROJECT_DIR)/build/Debug-iphoneos",
					"$(PROJECT_DIR)/build/Debug-iphoneos/XLForm",
					"$(PROJECT_DIR)/build/Debug-iphoneos/FRDoneAccessory",
					"$(PROJECT_DIR)/build/Debug-iphoneos/ISHHoverBar",
					"$(PROJECT_DIR)/build/Debug-iphoneos/PinYin4Objc",
					"$(PROJECT_DIR)/build/Debug-iphoneos/NHArrowView",
					"$(PROJECT_DIR)/build/Debug-iphoneos/ArrowView",
					"$(PROJECT_DIR)/build/Debug-iphoneos/DropDown",
					"$(PROJECT_DIR)/build/Debug-iphoneos/BEMAnalogClock",
					"$(PROJECT_DIR)/build/Debug-iphoneos/JVFloatLabeledTextField",
					"$(PROJECT_DIR)/build/Debug-iphoneos/DDMathParser",
					"$(PROJECT_DIR)/build/Debug-iphoneos/MGSwipeTableCell",
					"$(PROJECT_DIR)/build/Debug-iphoneos/Eureka",
					"$(PROJECT_DIR)/build/Debug-iphoneos/PDFGenerator",
					"$(PROJECT_DIR)/build/Debug-iphoneos/BNHtmlPdfKit",
					"$(PROJECT_DIR)/build/Release-iphoneos",
					"$(PROJECT_DIR)/build/Debug-iphoneos/Charts",
					"$(PROJECT_DIR)/build/Debug-iphoneos/SwiftChart",
					"$(PROJECT_DIR)/build/Debug-iphoneos/MLScreenshot",
					"$(PROJECT_DIR)/build/Debug-iphoneos/SwiftyUtils",
					"$(PROJECT_DIR)/build/Debug-iphoneos/ASToast",
					"$(PROJECT_DIR)/build/Debug-iphoneos/NBEmojiSearchView",
					"$(PROJECT_DIR)/build/Debug-iphoneos/pop",
				);
				INFOPLIST_FILE = TestingArea/Info.plist;
				IPHONEOS_DEPLOYMENT_TARGET = 9.0;
				LD_RUNPATH_SEARCH_PATHS = "$(inherited) @executable_path/Frameworks";
				PRODUCT_BUNDLE_IDENTIFIER = com.TestingArea;
				PRODUCT_NAME = "$(TARGET_NAME)";
				SWIFT_VERSION = 3.0;
			};
			name = Release;
		};
		5AFEC11B1DA046900054FAAA /* Debug */ = {
			isa = XCBuildConfiguration;
			buildSettings = {
				ALWAYS_EMBED_SWIFT_STANDARD_LIBRARIES = YES;
				ASSETCATALOG_COMPILER_APPICON_NAME = AppIcon;
				CLANG_WARN_DOCUMENTATION_COMMENTS = YES;
				CLANG_WARN_SUSPICIOUS_MOVES = YES;
				DEVELOPMENT_TEAM = E9MW74DJ4Y;
				IBSC_MODULE = Watch_Extension;
				INFOPLIST_FILE = Watch/Info.plist;
				PRODUCT_BUNDLE_IDENTIFIER = com.TestingArea.watchkitapp;
				PRODUCT_NAME = "$(TARGET_NAME)";
				SDKROOT = watchos;
				SKIP_INSTALL = YES;
				SWIFT_ACTIVE_COMPILATION_CONDITIONS = DEBUG;
				SWIFT_VERSION = 3.0;
				TARGETED_DEVICE_FAMILY = 4;
				WATCHOS_DEPLOYMENT_TARGET = 3.0;
			};
			name = Debug;
		};
		5AFEC11C1DA046900054FAAA /* Release */ = {
			isa = XCBuildConfiguration;
			buildSettings = {
				ALWAYS_EMBED_SWIFT_STANDARD_LIBRARIES = YES;
				ASSETCATALOG_COMPILER_APPICON_NAME = AppIcon;
				CLANG_WARN_DOCUMENTATION_COMMENTS = YES;
				CLANG_WARN_SUSPICIOUS_MOVES = YES;
				DEVELOPMENT_TEAM = E9MW74DJ4Y;
				IBSC_MODULE = Watch_Extension;
				INFOPLIST_FILE = Watch/Info.plist;
				PRODUCT_BUNDLE_IDENTIFIER = com.TestingArea.watchkitapp;
				PRODUCT_NAME = "$(TARGET_NAME)";
				SDKROOT = watchos;
				SKIP_INSTALL = YES;
				SWIFT_VERSION = 3.0;
				TARGETED_DEVICE_FAMILY = 4;
				WATCHOS_DEPLOYMENT_TARGET = 3.0;
			};
			name = Release;
		};
		5AFEC11D1DA046900054FAAA /* Debug */ = {
			isa = XCBuildConfiguration;
			buildSettings = {
				ASSETCATALOG_COMPILER_COMPLICATION_NAME = Complication;
				CLANG_WARN_DOCUMENTATION_COMMENTS = YES;
				CLANG_WARN_SUSPICIOUS_MOVES = YES;
				DEVELOPMENT_TEAM = E9MW74DJ4Y;
				INFOPLIST_FILE = "Watch Extension/Info.plist";
				LD_RUNPATH_SEARCH_PATHS = "$(inherited) @executable_path/Frameworks @executable_path/../../Frameworks";
				PRODUCT_BUNDLE_IDENTIFIER = com.TestingArea.watchkitapp.watchkitextension;
				PRODUCT_NAME = "${TARGET_NAME}";
				SDKROOT = watchos;
				SKIP_INSTALL = YES;
				SWIFT_ACTIVE_COMPILATION_CONDITIONS = DEBUG;
				SWIFT_VERSION = 3.0;
				TARGETED_DEVICE_FAMILY = 4;
				WATCHOS_DEPLOYMENT_TARGET = 3.0;
			};
			name = Debug;
		};
		5AFEC11E1DA046900054FAAA /* Release */ = {
			isa = XCBuildConfiguration;
			buildSettings = {
				ASSETCATALOG_COMPILER_COMPLICATION_NAME = Complication;
				CLANG_WARN_DOCUMENTATION_COMMENTS = YES;
				CLANG_WARN_SUSPICIOUS_MOVES = YES;
				DEVELOPMENT_TEAM = E9MW74DJ4Y;
				INFOPLIST_FILE = "Watch Extension/Info.plist";
				LD_RUNPATH_SEARCH_PATHS = "$(inherited) @executable_path/Frameworks @executable_path/../../Frameworks";
				PRODUCT_BUNDLE_IDENTIFIER = com.TestingArea.watchkitapp.watchkitextension;
				PRODUCT_NAME = "${TARGET_NAME}";
				SDKROOT = watchos;
				SKIP_INSTALL = YES;
				SWIFT_VERSION = 3.0;
				TARGETED_DEVICE_FAMILY = 4;
				WATCHOS_DEPLOYMENT_TARGET = 3.0;
			};
			name = Release;
		};
/* End XCBuildConfiguration section */

/* Begin XCConfigurationList section */
		5A1FD04D1DFD53390071AE2F /* Build configuration list for PBXNativeTarget "TestingAreaTV" */ = {
			isa = XCConfigurationList;
			buildConfigurations = (
				5A1FD04B1DFD53390071AE2F /* Debug */,
				5A1FD04C1DFD53390071AE2F /* Release */,
			);
			defaultConfigurationIsVisible = 0;
			defaultConfigurationName = Release;
		};
		5AE000FE1CAA0F3A0058B744 /* Build configuration list for PBXProject "TestingArea" */ = {
			isa = XCConfigurationList;
			buildConfigurations = (
				5AE0012C1CAA0F3A0058B744 /* Debug */,
				5AE0012D1CAA0F3A0058B744 /* Release */,
			);
			defaultConfigurationIsVisible = 0;
			defaultConfigurationName = Release;
		};
		5AE0012E1CAA0F3A0058B744 /* Build configuration list for PBXNativeTarget "TestingArea" */ = {
			isa = XCConfigurationList;
			buildConfigurations = (
				5AE0012F1CAA0F3A0058B744 /* Debug */,
				5AE001301CAA0F3A0058B744 /* Release */,
			);
			defaultConfigurationIsVisible = 0;
			defaultConfigurationName = Release;
		};
		5AFEC11F1DA046900054FAAA /* Build configuration list for PBXNativeTarget "Watch Extension" */ = {
			isa = XCConfigurationList;
			buildConfigurations = (
				5AFEC11D1DA046900054FAAA /* Debug */,
				5AFEC11E1DA046900054FAAA /* Release */,
			);
			defaultConfigurationIsVisible = 0;
			defaultConfigurationName = Release;
		};
		5AFEC1211DA046900054FAAA /* Build configuration list for PBXNativeTarget "Watch" */ = {
			isa = XCConfigurationList;
			buildConfigurations = (
				5AFEC11B1DA046900054FAAA /* Debug */,
				5AFEC11C1DA046900054FAAA /* Release */,
			);
			defaultConfigurationIsVisible = 0;
			defaultConfigurationName = Release;
		};
/* End XCConfigurationList section */

/* Begin XCVersionGroup section */
		5AE0010D1CAA0F3A0058B744 /* TestingArea.xcdatamodeld */ = {
			isa = XCVersionGroup;
			children = (
				5AE0010E1CAA0F3A0058B744 /* TestingArea.xcdatamodel */,
			);
			currentVersion = 5AE0010E1CAA0F3A0058B744 /* TestingArea.xcdatamodel */;
			path = TestingArea.xcdatamodeld;
			sourceTree = "<group>";
			versionGroupType = wrapper.xcdatamodel;
		};
/* End XCVersionGroup section */
	};
	rootObject = 5AE000FB1CAA0F3A0058B744 /* Project object */;
}
